// !$*UTF8*$!
{
	archiveVersion = 1;
	classes = {
	};
	objectVersion = 50;
	objects = {

/* Begin PBXBuildFile section */
		946A2C41251E5CB300D502E9 /* icon29.png in Resources */ = {isa = PBXBuildFile; fileRef = 946A2C31251E5CB100D502E9 /* icon29.png */; };
		946A2C42251E5CB300D502E9 /* icon180.png in Resources */ = {isa = PBXBuildFile; fileRef = 946A2C32251E5CB100D502E9 /* icon180.png */; };
		946A2C43251E5CB300D502E9 /* icon768.png in Resources */ = {isa = PBXBuildFile; fileRef = 946A2C33251E5CB200D502E9 /* icon768.png */; };
		946A2C44251E5CB300D502E9 /* icon80.png in Resources */ = {isa = PBXBuildFile; fileRef = 946A2C34251E5CB200D502E9 /* icon80.png */; };
		946A2C45251E5CB300D502E9 /* icon76.png in Resources */ = {isa = PBXBuildFile; fileRef = 946A2C35251E5CB200D502E9 /* icon76.png */; };
		946A2C46251E5CB300D502E9 /* icon1024.png in Resources */ = {isa = PBXBuildFile; fileRef = 946A2C36251E5CB200D502E9 /* icon1024.png */; };
		946A2C47251E5CB300D502E9 /* icon20.png in Resources */ = {isa = PBXBuildFile; fileRef = 946A2C37251E5CB200D502E9 /* icon20.png */; };
		946A2C48251E5CB300D502E9 /* icon60.png in Resources */ = {isa = PBXBuildFile; fileRef = 946A2C38251E5CB200D502E9 /* icon60.png */; };
		946A2C49251E5CB300D502E9 /* icon87.png in Resources */ = {isa = PBXBuildFile; fileRef = 946A2C39251E5CB200D502E9 /* icon87.png */; };
		946A2C4A251E5CB300D502E9 /* icon152.png in Resources */ = {isa = PBXBuildFile; fileRef = 946A2C3A251E5CB200D502E9 /* icon152.png */; };
		946A2C4B251E5CB300D502E9 /* icon167.png in Resources */ = {isa = PBXBuildFile; fileRef = 946A2C3B251E5CB200D502E9 /* icon167.png */; };
		946A2C4C251E5CB300D502E9 /* icon58.png in Resources */ = {isa = PBXBuildFile; fileRef = 946A2C3C251E5CB200D502E9 /* icon58.png */; };
		946A2C4D251E5CB300D502E9 /* icon512.png in Resources */ = {isa = PBXBuildFile; fileRef = 946A2C3D251E5CB300D502E9 /* icon512.png */; };
		946A2C4E251E5CB300D502E9 /* icon.png in Resources */ = {isa = PBXBuildFile; fileRef = 946A2C3E251E5CB300D502E9 /* icon.png */; };
		946A2C4F251E5CB300D502E9 /* icon120.png in Resources */ = {isa = PBXBuildFile; fileRef = 946A2C3F251E5CB300D502E9 /* icon120.png */; };
		946A2C50251E5CB300D502E9 /* icon40.png in Resources */ = {isa = PBXBuildFile; fileRef = 946A2C40251E5CB300D502E9 /* icon40.png */; };
		94D25AEF251E4A8300191177 /* translateApp.swift in Sources */ = {isa = PBXBuildFile; fileRef = 94D25AEE251E4A8300191177 /* translateApp.swift */; };
		94D25AF1251E4A8300191177 /* ContentView.swift in Sources */ = {isa = PBXBuildFile; fileRef = 94D25AF0251E4A8300191177 /* ContentView.swift */; };
		94D25AF3251E4A8700191177 /* Assets.xcassets in Resources */ = {isa = PBXBuildFile; fileRef = 94D25AF2251E4A8700191177 /* Assets.xcassets */; };
		94D25AF6251E4A8700191177 /* Preview Assets.xcassets in Resources */ = {isa = PBXBuildFile; fileRef = 94D25AF5251E4A8700191177 /* Preview Assets.xcassets */; };
		94D25B01251E4A8700191177 /* translateTests.swift in Sources */ = {isa = PBXBuildFile; fileRef = 94D25B00251E4A8700191177 /* translateTests.swift */; };
		94D25B0C251E4A8800191177 /* translateUITests.swift in Sources */ = {isa = PBXBuildFile; fileRef = 94D25B0B251E4A8800191177 /* translateUITests.swift */; };
		94D25B1E251E4ACB00191177 /* languages.json in Resources */ = {isa = PBXBuildFile; fileRef = 94D25B1D251E4ACA00191177 /* languages.json */; };
		94D25B26251E4B4600191177 /* LanguageData.swift in Sources */ = {isa = PBXBuildFile; fileRef = 94D25B25251E4B4600191177 /* LanguageData.swift */; };
/* End PBXBuildFile section */

/* Begin PBXContainerItemProxy section */
		94D25AFD251E4A8700191177 /* PBXContainerItemProxy */ = {
			isa = PBXContainerItemProxy;
			containerPortal = 94D25AE3251E4A8300191177 /* Project object */;
			proxyType = 1;
			remoteGlobalIDString = 94D25AEA251E4A8300191177;
			remoteInfo = translate;
		};
		94D25B08251E4A8800191177 /* PBXContainerItemProxy */ = {
			isa = PBXContainerItemProxy;
			containerPortal = 94D25AE3251E4A8300191177 /* Project object */;
			proxyType = 1;
			remoteGlobalIDString = 94D25AEA251E4A8300191177;
			remoteInfo = translate;
		};
/* End PBXContainerItemProxy section */

/* Begin PBXFileReference section */
		946A2C31251E5CB100D502E9 /* icon29.png */ = {isa = PBXFileReference; lastKnownFileType = image.png; path = icon29.png; sourceTree = "<group>"; };
		946A2C32251E5CB100D502E9 /* icon180.png */ = {isa = PBXFileReference; lastKnownFileType = image.png; path = icon180.png; sourceTree = "<group>"; };
		946A2C33251E5CB200D502E9 /* icon768.png */ = {isa = PBXFileReference; lastKnownFileType = image.png; path = icon768.png; sourceTree = "<group>"; };
		946A2C34251E5CB200D502E9 /* icon80.png */ = {isa = PBXFileReference; lastKnownFileType = image.png; path = icon80.png; sourceTree = "<group>"; };
		946A2C35251E5CB200D502E9 /* icon76.png */ = {isa = PBXFileReference; lastKnownFileType = image.png; path = icon76.png; sourceTree = "<group>"; };
		946A2C36251E5CB200D502E9 /* icon1024.png */ = {isa = PBXFileReference; lastKnownFileType = image.png; path = icon1024.png; sourceTree = "<group>"; };
		946A2C37251E5CB200D502E9 /* icon20.png */ = {isa = PBXFileReference; lastKnownFileType = image.png; path = icon20.png; sourceTree = "<group>"; };
		946A2C38251E5CB200D502E9 /* icon60.png */ = {isa = PBXFileReference; lastKnownFileType = image.png; path = icon60.png; sourceTree = "<group>"; };
		946A2C39251E5CB200D502E9 /* icon87.png */ = {isa = PBXFileReference; lastKnownFileType = image.png; path = icon87.png; sourceTree = "<group>"; };
		946A2C3A251E5CB200D502E9 /* icon152.png */ = {isa = PBXFileReference; lastKnownFileType = image.png; path = icon152.png; sourceTree = "<group>"; };
		946A2C3B251E5CB200D502E9 /* icon167.png */ = {isa = PBXFileReference; lastKnownFileType = image.png; path = icon167.png; sourceTree = "<group>"; };
		946A2C3C251E5CB200D502E9 /* icon58.png */ = {isa = PBXFileReference; lastKnownFileType = image.png; path = icon58.png; sourceTree = "<group>"; };
		946A2C3D251E5CB300D502E9 /* icon512.png */ = {isa = PBXFileReference; lastKnownFileType = image.png; path = icon512.png; sourceTree = "<group>"; };
		946A2C3E251E5CB300D502E9 /* icon.png */ = {isa = PBXFileReference; lastKnownFileType = image.png; path = icon.png; sourceTree = "<group>"; };
		946A2C3F251E5CB300D502E9 /* icon120.png */ = {isa = PBXFileReference; lastKnownFileType = image.png; path = icon120.png; sourceTree = "<group>"; };
		946A2C40251E5CB300D502E9 /* icon40.png */ = {isa = PBXFileReference; lastKnownFileType = image.png; path = icon40.png; sourceTree = "<group>"; };
		94D25AEB251E4A8300191177 /* translate.app */ = {isa = PBXFileReference; explicitFileType = wrapper.application; includeInIndex = 0; path = translate.app; sourceTree = BUILT_PRODUCTS_DIR; };
		94D25AEE251E4A8300191177 /* translateApp.swift */ = {isa = PBXFileReference; lastKnownFileType = sourcecode.swift; path = translateApp.swift; sourceTree = "<group>"; };
		94D25AF0251E4A8300191177 /* ContentView.swift */ = {isa = PBXFileReference; lastKnownFileType = sourcecode.swift; path = ContentView.swift; sourceTree = "<group>"; };
		94D25AF2251E4A8700191177 /* Assets.xcassets */ = {isa = PBXFileReference; lastKnownFileType = folder.assetcatalog; path = Assets.xcassets; sourceTree = "<group>"; };
		94D25AF5251E4A8700191177 /* Preview Assets.xcassets */ = {isa = PBXFileReference; lastKnownFileType = folder.assetcatalog; path = "Preview Assets.xcassets"; sourceTree = "<group>"; };
		94D25AF7251E4A8700191177 /* Info.plist */ = {isa = PBXFileReference; lastKnownFileType = text.plist.xml; path = Info.plist; sourceTree = "<group>"; };
		94D25AFC251E4A8700191177 /* translateTests.xctest */ = {isa = PBXFileReference; explicitFileType = wrapper.cfbundle; includeInIndex = 0; path = translateTests.xctest; sourceTree = BUILT_PRODUCTS_DIR; };
		94D25B00251E4A8700191177 /* translateTests.swift */ = {isa = PBXFileReference; lastKnownFileType = sourcecode.swift; path = translateTests.swift; sourceTree = "<group>"; };
		94D25B02251E4A8700191177 /* Info.plist */ = {isa = PBXFileReference; lastKnownFileType = text.plist.xml; path = Info.plist; sourceTree = "<group>"; };
		94D25B07251E4A8800191177 /* translateUITests.xctest */ = {isa = PBXFileReference; explicitFileType = wrapper.cfbundle; includeInIndex = 0; path = translateUITests.xctest; sourceTree = BUILT_PRODUCTS_DIR; };
		94D25B0B251E4A8800191177 /* translateUITests.swift */ = {isa = PBXFileReference; lastKnownFileType = sourcecode.swift; path = translateUITests.swift; sourceTree = "<group>"; };
		94D25B0D251E4A8800191177 /* Info.plist */ = {isa = PBXFileReference; lastKnownFileType = text.plist.xml; path = Info.plist; sourceTree = "<group>"; };
		94D25B1D251E4ACA00191177 /* languages.json */ = {isa = PBXFileReference; lastKnownFileType = text.json; path = languages.json; sourceTree = "<group>"; };
		94D25B25251E4B4600191177 /* LanguageData.swift */ = {isa = PBXFileReference; lastKnownFileType = sourcecode.swift; path = LanguageData.swift; sourceTree = "<group>"; };
/* End PBXFileReference section */

/* Begin PBXFrameworksBuildPhase section */
		94D25AE8251E4A8300191177 /* Frameworks */ = {
			isa = PBXFrameworksBuildPhase;
			buildActionMask = 2147483647;
			files = (
			);
			runOnlyForDeploymentPostprocessing = 0;
		};
		94D25AF9251E4A8700191177 /* Frameworks */ = {
			isa = PBXFrameworksBuildPhase;
			buildActionMask = 2147483647;
			files = (
			);
			runOnlyForDeploymentPostprocessing = 0;
		};
		94D25B04251E4A8800191177 /* Frameworks */ = {
			isa = PBXFrameworksBuildPhase;
			buildActionMask = 2147483647;
			files = (
			);
			runOnlyForDeploymentPostprocessing = 0;
		};
/* End PBXFrameworksBuildPhase section */

/* Begin PBXGroup section */
		94D25AE2251E4A8300191177 = {
			isa = PBXGroup;
			children = (
				94D25AED251E4A8300191177 /* translate */,
				94D25AFF251E4A8700191177 /* translateTests */,
				94D25B0A251E4A8800191177 /* translateUITests */,
				94D25AEC251E4A8300191177 /* Products */,
			);
			sourceTree = "<group>";
		};
		94D25AEC251E4A8300191177 /* Products */ = {
			isa = PBXGroup;
			children = (
				94D25AEB251E4A8300191177 /* translate.app */,
				94D25AFC251E4A8700191177 /* translateTests.xctest */,
				94D25B07251E4A8800191177 /* translateUITests.xctest */,
			);
			name = Products;
			sourceTree = "<group>";
		};
		94D25AED251E4A8300191177 /* translate */ = {
			isa = PBXGroup;
			children = (
				94D25AEE251E4A8300191177 /* translateApp.swift */,
				94D25AF0251E4A8300191177 /* ContentView.swift */,
				94D25AF2251E4A8700191177 /* Assets.xcassets */,
				94D25AF7251E4A8700191177 /* Info.plist */,
				94D25B25251E4B4600191177 /* LanguageData.swift */,
				94D25B1C251E4AB300191177 /* Resources */,
				94D25AF4251E4A8700191177 /* Preview Content */,
			);
			path = translate;
			sourceTree = "<group>";
		};
		94D25AF4251E4A8700191177 /* Preview Content */ = {
			isa = PBXGroup;
			children = (
				94D25AF5251E4A8700191177 /* Preview Assets.xcassets */,
			);
			path = "Preview Content";
			sourceTree = "<group>";
		};
		94D25AFF251E4A8700191177 /* translateTests */ = {
			isa = PBXGroup;
			children = (
				94D25B00251E4A8700191177 /* translateTests.swift */,
				94D25B02251E4A8700191177 /* Info.plist */,
			);
			path = translateTests;
			sourceTree = "<group>";
		};
		94D25B0A251E4A8800191177 /* translateUITests */ = {
			isa = PBXGroup;
			children = (
				94D25B0B251E4A8800191177 /* translateUITests.swift */,
				94D25B0D251E4A8800191177 /* Info.plist */,
			);
			path = translateUITests;
			sourceTree = "<group>";
		};
		94D25B1C251E4AB300191177 /* Resources */ = {
			isa = PBXGroup;
			children = (
				946A2C3E251E5CB300D502E9 /* icon.png */,
				946A2C37251E5CB200D502E9 /* icon20.png */,
				946A2C31251E5CB100D502E9 /* icon29.png */,
				946A2C40251E5CB300D502E9 /* icon40.png */,
				946A2C3C251E5CB200D502E9 /* icon58.png */,
				946A2C38251E5CB200D502E9 /* icon60.png */,
				946A2C35251E5CB200D502E9 /* icon76.png */,
				946A2C34251E5CB200D502E9 /* icon80.png */,
				946A2C39251E5CB200D502E9 /* icon87.png */,
				946A2C3F251E5CB300D502E9 /* icon120.png */,
				946A2C3A251E5CB200D502E9 /* icon152.png */,
				946A2C3B251E5CB200D502E9 /* icon167.png */,
				946A2C32251E5CB100D502E9 /* icon180.png */,
				946A2C3D251E5CB300D502E9 /* icon512.png */,
				946A2C33251E5CB200D502E9 /* icon768.png */,
				946A2C36251E5CB200D502E9 /* icon1024.png */,
				94D25B1D251E4ACA00191177 /* languages.json */,
			);
			path = Resources;
			sourceTree = "<group>";
		};
/* End PBXGroup section */

/* Begin PBXNativeTarget section */
		94D25AEA251E4A8300191177 /* translate */ = {
			isa = PBXNativeTarget;
			buildConfigurationList = 94D25B10251E4A8800191177 /* Build configuration list for PBXNativeTarget "translate" */;
			buildPhases = (
				94D25AE7251E4A8300191177 /* Sources */,
				94D25AE8251E4A8300191177 /* Frameworks */,
				94D25AE9251E4A8300191177 /* Resources */,
			);
			buildRules = (
			);
			dependencies = (
			);
			name = translate;
			productName = translate;
			productReference = 94D25AEB251E4A8300191177 /* translate.app */;
			productType = "com.apple.product-type.application";
		};
		94D25AFB251E4A8700191177 /* translateTests */ = {
			isa = PBXNativeTarget;
			buildConfigurationList = 94D25B13251E4A8800191177 /* Build configuration list for PBXNativeTarget "translateTests" */;
			buildPhases = (
				94D25AF8251E4A8700191177 /* Sources */,
				94D25AF9251E4A8700191177 /* Frameworks */,
				94D25AFA251E4A8700191177 /* Resources */,
			);
			buildRules = (
			);
			dependencies = (
				94D25AFE251E4A8700191177 /* PBXTargetDependency */,
			);
			name = translateTests;
			productName = translateTests;
			productReference = 94D25AFC251E4A8700191177 /* translateTests.xctest */;
			productType = "com.apple.product-type.bundle.unit-test";
		};
		94D25B06251E4A8800191177 /* translateUITests */ = {
			isa = PBXNativeTarget;
			buildConfigurationList = 94D25B16251E4A8800191177 /* Build configuration list for PBXNativeTarget "translateUITests" */;
			buildPhases = (
				94D25B03251E4A8800191177 /* Sources */,
				94D25B04251E4A8800191177 /* Frameworks */,
				94D25B05251E4A8800191177 /* Resources */,
			);
			buildRules = (
			);
			dependencies = (
				94D25B09251E4A8800191177 /* PBXTargetDependency */,
			);
			name = translateUITests;
			productName = translateUITests;
			productReference = 94D25B07251E4A8800191177 /* translateUITests.xctest */;
			productType = "com.apple.product-type.bundle.ui-testing";
		};
/* End PBXNativeTarget section */

/* Begin PBXProject section */
		94D25AE3251E4A8300191177 /* Project object */ = {
			isa = PBXProject;
			attributes = {
				LastSwiftUpdateCheck = 1220;
				LastUpgradeCheck = 1220;
				TargetAttributes = {
					94D25AEA251E4A8300191177 = {
						CreatedOnToolsVersion = 12.2;
					};
					94D25AFB251E4A8700191177 = {
						CreatedOnToolsVersion = 12.2;
						TestTargetID = 94D25AEA251E4A8300191177;
					};
					94D25B06251E4A8800191177 = {
						CreatedOnToolsVersion = 12.2;
						TestTargetID = 94D25AEA251E4A8300191177;
					};
				};
			};
			buildConfigurationList = 94D25AE6251E4A8300191177 /* Build configuration list for PBXProject "translate" */;
			compatibilityVersion = "Xcode 9.3";
			developmentRegion = en;
			hasScannedForEncodings = 0;
			knownRegions = (
				en,
				Base,
			);
			mainGroup = 94D25AE2251E4A8300191177;
			productRefGroup = 94D25AEC251E4A8300191177 /* Products */;
			projectDirPath = "";
			projectRoot = "";
			targets = (
				94D25AEA251E4A8300191177 /* translate */,
				94D25AFB251E4A8700191177 /* translateTests */,
				94D25B06251E4A8800191177 /* translateUITests */,
			);
		};
/* End PBXProject section */

/* Begin PBXResourcesBuildPhase section */
		94D25AE9251E4A8300191177 /* Resources */ = {
			isa = PBXResourcesBuildPhase;
			buildActionMask = 2147483647;
			files = (
				946A2C44251E5CB300D502E9 /* icon80.png in Resources */,
				946A2C4A251E5CB300D502E9 /* icon152.png in Resources */,
				946A2C49251E5CB300D502E9 /* icon87.png in Resources */,
				94D25B1E251E4ACB00191177 /* languages.json in Resources */,
				946A2C41251E5CB300D502E9 /* icon29.png in Resources */,
				946A2C45251E5CB300D502E9 /* icon76.png in Resources */,
				946A2C47251E5CB300D502E9 /* icon20.png in Resources */,
				946A2C4B251E5CB300D502E9 /* icon167.png in Resources */,
				946A2C4F251E5CB300D502E9 /* icon120.png in Resources */,
				946A2C46251E5CB300D502E9 /* icon1024.png in Resources */,
				946A2C4C251E5CB300D502E9 /* icon58.png in Resources */,
				946A2C50251E5CB300D502E9 /* icon40.png in Resources */,
				946A2C43251E5CB300D502E9 /* icon768.png in Resources */,
				946A2C48251E5CB300D502E9 /* icon60.png in Resources */,
				946A2C4E251E5CB300D502E9 /* icon.png in Resources */,
				94D25AF6251E4A8700191177 /* Preview Assets.xcassets in Resources */,
				94D25AF3251E4A8700191177 /* Assets.xcassets in Resources */,
				946A2C42251E5CB300D502E9 /* icon180.png in Resources */,
				946A2C4D251E5CB300D502E9 /* icon512.png in Resources */,
			);
			runOnlyForDeploymentPostprocessing = 0;
		};
		94D25AFA251E4A8700191177 /* Resources */ = {
			isa = PBXResourcesBuildPhase;
			buildActionMask = 2147483647;
			files = (
			);
			runOnlyForDeploymentPostprocessing = 0;
		};
		94D25B05251E4A8800191177 /* Resources */ = {
			isa = PBXResourcesBuildPhase;
			buildActionMask = 2147483647;
			files = (
			);
			runOnlyForDeploymentPostprocessing = 0;
		};
/* End PBXResourcesBuildPhase section */

/* Begin PBXSourcesBuildPhase section */
		94D25AE7251E4A8300191177 /* Sources */ = {
			isa = PBXSourcesBuildPhase;
			buildActionMask = 2147483647;
			files = (
				94D25B26251E4B4600191177 /* LanguageData.swift in Sources */,
				94D25AF1251E4A8300191177 /* ContentView.swift in Sources */,
				94D25AEF251E4A8300191177 /* translateApp.swift in Sources */,
			);
			runOnlyForDeploymentPostprocessing = 0;
		};
		94D25AF8251E4A8700191177 /* Sources */ = {
			isa = PBXSourcesBuildPhase;
			buildActionMask = 2147483647;
			files = (
				94D25B01251E4A8700191177 /* translateTests.swift in Sources */,
			);
			runOnlyForDeploymentPostprocessing = 0;
		};
		94D25B03251E4A8800191177 /* Sources */ = {
			isa = PBXSourcesBuildPhase;
			buildActionMask = 2147483647;
			files = (
				94D25B0C251E4A8800191177 /* translateUITests.swift in Sources */,
			);
			runOnlyForDeploymentPostprocessing = 0;
		};
/* End PBXSourcesBuildPhase section */

/* Begin PBXTargetDependency section */
		94D25AFE251E4A8700191177 /* PBXTargetDependency */ = {
			isa = PBXTargetDependency;
			target = 94D25AEA251E4A8300191177 /* translate */;
			targetProxy = 94D25AFD251E4A8700191177 /* PBXContainerItemProxy */;
		};
		94D25B09251E4A8800191177 /* PBXTargetDependency */ = {
			isa = PBXTargetDependency;
			target = 94D25AEA251E4A8300191177 /* translate */;
			targetProxy = 94D25B08251E4A8800191177 /* PBXContainerItemProxy */;
		};
/* End PBXTargetDependency section */

/* Begin XCBuildConfiguration section */
		94D25B0E251E4A8800191177 /* Debug */ = {
			isa = XCBuildConfiguration;
			buildSettings = {
				ALWAYS_SEARCH_USER_PATHS = NO;
				CLANG_ANALYZER_NONNULL = YES;
				CLANG_ANALYZER_NUMBER_OBJECT_CONVERSION = YES_AGGRESSIVE;
				CLANG_CXX_LANGUAGE_STANDARD = "gnu++14";
				CLANG_CXX_LIBRARY = "libc++";
				CLANG_ENABLE_MODULES = YES;
				CLANG_ENABLE_OBJC_ARC = YES;
				CLANG_ENABLE_OBJC_WEAK = YES;
				CLANG_WARN_BLOCK_CAPTURE_AUTORELEASING = YES;
				CLANG_WARN_BOOL_CONVERSION = YES;
				CLANG_WARN_COMMA = YES;
				CLANG_WARN_CONSTANT_CONVERSION = YES;
				CLANG_WARN_DEPRECATED_OBJC_IMPLEMENTATIONS = YES;
				CLANG_WARN_DIRECT_OBJC_ISA_USAGE = YES_ERROR;
				CLANG_WARN_DOCUMENTATION_COMMENTS = YES;
				CLANG_WARN_EMPTY_BODY = YES;
				CLANG_WARN_ENUM_CONVERSION = YES;
				CLANG_WARN_INFINITE_RECURSION = YES;
				CLANG_WARN_INT_CONVERSION = YES;
				CLANG_WARN_NON_LITERAL_NULL_CONVERSION = YES;
				CLANG_WARN_OBJC_IMPLICIT_RETAIN_SELF = YES;
				CLANG_WARN_OBJC_LITERAL_CONVERSION = YES;
				CLANG_WARN_OBJC_ROOT_CLASS = YES_ERROR;
				CLANG_WARN_QUOTED_INCLUDE_IN_FRAMEWORK_HEADER = YES;
				CLANG_WARN_RANGE_LOOP_ANALYSIS = YES;
				CLANG_WARN_STRICT_PROTOTYPES = YES;
				CLANG_WARN_SUSPICIOUS_MOVE = YES;
				CLANG_WARN_UNGUARDED_AVAILABILITY = YES_AGGRESSIVE;
				CLANG_WARN_UNREACHABLE_CODE = YES;
				CLANG_WARN__DUPLICATE_METHOD_MATCH = YES;
				COPY_PHASE_STRIP = NO;
				DEBUG_INFORMATION_FORMAT = dwarf;
				ENABLE_STRICT_OBJC_MSGSEND = YES;
				ENABLE_TESTABILITY = YES;
				GCC_C_LANGUAGE_STANDARD = gnu11;
				GCC_DYNAMIC_NO_PIC = NO;
				GCC_NO_COMMON_BLOCKS = YES;
				GCC_OPTIMIZATION_LEVEL = 0;
				GCC_PREPROCESSOR_DEFINITIONS = (
					"DEBUG=1",
					"$(inherited)",
				);
				GCC_WARN_64_TO_32_BIT_CONVERSION = YES;
				GCC_WARN_ABOUT_RETURN_TYPE = YES_ERROR;
				GCC_WARN_UNDECLARED_SELECTOR = YES;
				GCC_WARN_UNINITIALIZED_AUTOS = YES_AGGRESSIVE;
				GCC_WARN_UNUSED_FUNCTION = YES;
				GCC_WARN_UNUSED_VARIABLE = YES;
				IPHONEOS_DEPLOYMENT_TARGET = 14.2;
				MTL_ENABLE_DEBUG_INFO = INCLUDE_SOURCE;
				MTL_FAST_MATH = YES;
				ONLY_ACTIVE_ARCH = YES;
				SDKROOT = iphoneos;
				SWIFT_ACTIVE_COMPILATION_CONDITIONS = DEBUG;
				SWIFT_OPTIMIZATION_LEVEL = "-Onone";
			};
			name = Debug;
		};
		94D25B0F251E4A8800191177 /* Release */ = {
			isa = XCBuildConfiguration;
			buildSettings = {
				ALWAYS_SEARCH_USER_PATHS = NO;
				CLANG_ANALYZER_NONNULL = YES;
				CLANG_ANALYZER_NUMBER_OBJECT_CONVERSION = YES_AGGRESSIVE;
				CLANG_CXX_LANGUAGE_STANDARD = "gnu++14";
				CLANG_CXX_LIBRARY = "libc++";
				CLANG_ENABLE_MODULES = YES;
				CLANG_ENABLE_OBJC_ARC = YES;
				CLANG_ENABLE_OBJC_WEAK = YES;
				CLANG_WARN_BLOCK_CAPTURE_AUTORELEASING = YES;
				CLANG_WARN_BOOL_CONVERSION = YES;
				CLANG_WARN_COMMA = YES;
				CLANG_WARN_CONSTANT_CONVERSION = YES;
				CLANG_WARN_DEPRECATED_OBJC_IMPLEMENTATIONS = YES;
				CLANG_WARN_DIRECT_OBJC_ISA_USAGE = YES_ERROR;
				CLANG_WARN_DOCUMENTATION_COMMENTS = YES;
				CLANG_WARN_EMPTY_BODY = YES;
				CLANG_WARN_ENUM_CONVERSION = YES;
				CLANG_WARN_INFINITE_RECURSION = YES;
				CLANG_WARN_INT_CONVERSION = YES;
				CLANG_WARN_NON_LITERAL_NULL_CONVERSION = YES;
				CLANG_WARN_OBJC_IMPLICIT_RETAIN_SELF = YES;
				CLANG_WARN_OBJC_LITERAL_CONVERSION = YES;
				CLANG_WARN_OBJC_ROOT_CLASS = YES_ERROR;
				CLANG_WARN_QUOTED_INCLUDE_IN_FRAMEWORK_HEADER = YES;
				CLANG_WARN_RANGE_LOOP_ANALYSIS = YES;
				CLANG_WARN_STRICT_PROTOTYPES = YES;
				CLANG_WARN_SUSPICIOUS_MOVE = YES;
				CLANG_WARN_UNGUARDED_AVAILABILITY = YES_AGGRESSIVE;
				CLANG_WARN_UNREACHABLE_CODE = YES;
				CLANG_WARN__DUPLICATE_METHOD_MATCH = YES;
				COPY_PHASE_STRIP = NO;
				DEBUG_INFORMATION_FORMAT = "dwarf-with-dsym";
				ENABLE_NS_ASSERTIONS = NO;
				ENABLE_STRICT_OBJC_MSGSEND = YES;
				GCC_C_LANGUAGE_STANDARD = gnu11;
				GCC_NO_COMMON_BLOCKS = YES;
				GCC_WARN_64_TO_32_BIT_CONVERSION = YES;
				GCC_WARN_ABOUT_RETURN_TYPE = YES_ERROR;
				GCC_WARN_UNDECLARED_SELECTOR = YES;
				GCC_WARN_UNINITIALIZED_AUTOS = YES_AGGRESSIVE;
				GCC_WARN_UNUSED_FUNCTION = YES;
				GCC_WARN_UNUSED_VARIABLE = YES;
				IPHONEOS_DEPLOYMENT_TARGET = 14.2;
				MTL_ENABLE_DEBUG_INFO = NO;
				MTL_FAST_MATH = YES;
				SDKROOT = iphoneos;
				SWIFT_COMPILATION_MODE = wholemodule;
				SWIFT_OPTIMIZATION_LEVEL = "-O";
				VALIDATE_PRODUCT = YES;
			};
			name = Release;
		};
		94D25B11251E4A8800191177 /* Debug */ = {
			isa = XCBuildConfiguration;
			buildSettings = {
				ASSETCATALOG_COMPILER_APPICON_NAME = AppIcon;
				ASSETCATALOG_COMPILER_GLOBAL_ACCENT_COLOR_NAME = AccentColor;
				CODE_SIGN_STYLE = Automatic;
				DEVELOPMENT_ASSET_PATHS = "\"translate/Preview Content\"";
				DEVELOPMENT_TEAM = Y3T9BQ4QS9;
				ENABLE_PREVIEWS = YES;
				INFOPLIST_FILE = translate/Info.plist;
				IPHONEOS_DEPLOYMENT_TARGET = 14.0;
				LD_RUNPATH_SEARCH_PATHS = (
					"$(inherited)",
					"@executable_path/Frameworks",
				);
				PRODUCT_BUNDLE_IDENTIFIER = local.MacBookAir.my.translator.translate;
				PRODUCT_NAME = "$(TARGET_NAME)";
				SWIFT_VERSION = 5.0;
				TARGETED_DEVICE_FAMILY = "1,2";
			};
			name = Debug;
		};
		94D25B12251E4A8800191177 /* Release */ = {
			isa = XCBuildConfiguration;
			buildSettings = {
				ASSETCATALOG_COMPILER_APPICON_NAME = AppIcon;
				ASSETCATALOG_COMPILER_GLOBAL_ACCENT_COLOR_NAME = AccentColor;
				CODE_SIGN_STYLE = Automatic;
				DEVELOPMENT_ASSET_PATHS = "\"translate/Preview Content\"";
				DEVELOPMENT_TEAM = Y3T9BQ4QS9;
				ENABLE_PREVIEWS = YES;
				INFOPLIST_FILE = translate/Info.plist;
				IPHONEOS_DEPLOYMENT_TARGET = 14.0;
				LD_RUNPATH_SEARCH_PATHS = (
					"$(inherited)",
					"@executable_path/Frameworks",
				);
				PRODUCT_BUNDLE_IDENTIFIER = local.MacBookAir.my.translator.translate;
				PRODUCT_NAME = "$(TARGET_NAME)";
				SWIFT_VERSION = 5.0;
				TARGETED_DEVICE_FAMILY = "1,2";
			};
			name = Release;
		};
		94D25B14251E4A8800191177 /* Debug */ = {
			isa = XCBuildConfiguration;
			buildSettings = {
				ALWAYS_EMBED_SWIFT_STANDARD_LIBRARIES = YES;
				BUNDLE_LOADER = "$(TEST_HOST)";
				CODE_SIGN_STYLE = Automatic;
				DEVELOPMENT_TEAM = Y3T9BQ4QS9;
				INFOPLIST_FILE = translateTests/Info.plist;
				IPHONEOS_DEPLOYMENT_TARGET = 14.0;
				LD_RUNPATH_SEARCH_PATHS = (
					"$(inherited)",
					"@executable_path/Frameworks",
					"@loader_path/Frameworks",
				);
				PRODUCT_BUNDLE_IDENTIFIER = local.MacBookAir.my.translator.translateTests;
				PRODUCT_NAME = "$(TARGET_NAME)";
				SWIFT_VERSION = 5.0;
				TARGETED_DEVICE_FAMILY = "1,2";
				TEST_HOST = "$(BUILT_PRODUCTS_DIR)/translate.app/translate";
			};
			name = Debug;
		};
		94D25B15251E4A8800191177 /* Release */ = {
			isa = XCBuildConfiguration;
			buildSettings = {
				ALWAYS_EMBED_SWIFT_STANDARD_LIBRARIES = YES;
				BUNDLE_LOADER = "$(TEST_HOST)";
				CODE_SIGN_STYLE = Automatic;
				DEVELOPMENT_TEAM = Y3T9BQ4QS9;
				INFOPLIST_FILE = translateTests/Info.plist;
				IPHONEOS_DEPLOYMENT_TARGET = 14.0;
				LD_RUNPATH_SEARCH_PATHS = (
					"$(inherited)",
					"@executable_path/Frameworks",
					"@loader_path/Frameworks",
				);
				PRODUCT_BUNDLE_IDENTIFIER = local.MacBookAir.my.translator.translateTests;
				PRODUCT_NAME = "$(TARGET_NAME)";
				SWIFT_VERSION = 5.0;
				TARGETED_DEVICE_FAMILY = "1,2";
				TEST_HOST = "$(BUILT_PRODUCTS_DIR)/translate.app/translate";
			};
			name = Release;
		};
		94D25B17251E4A8800191177 /* Debug */ = {
			isa = XCBuildConfiguration;
			buildSettings = {
				ALWAYS_EMBED_SWIFT_STANDARD_LIBRARIES = YES;
				CODE_SIGN_STYLE = Automatic;
				DEVELOPMENT_TEAM = Y3T9BQ4QS9;
				INFOPLIST_FILE = translateUITests/Info.plist;
				LD_RUNPATH_SEARCH_PATHS = (
					"$(inherited)",
					"@executable_path/Frameworks",
					"@loader_path/Frameworks",
				);
				PRODUCT_BUNDLE_IDENTIFIER = local.MacBookAir.my.translator.translateUITests;
				PRODUCT_NAME = "$(TARGET_NAME)";
				SWIFT_VERSION = 5.0;
				TARGETED_DEVICE_FAMILY = "1,2";
				TEST_TARGET_NAME = translate;
			};
			name = Debug;
		};
		94D25B18251E4A8800191177 /* Release */ = {
			isa = XCBuildConfiguration;
			buildSettings = {
				ALWAYS_EMBED_SWIFT_STANDARD_LIBRARIES = YES;
				CODE_SIGN_STYLE = Automatic;
				DEVELOPMENT_TEAM = Y3T9BQ4QS9;
				INFOPLIST_FILE = translateUITests/Info.plist;
				LD_RUNPATH_SEARCH_PATHS = (
					"$(inherited)",
					"@executable_path/Frameworks",
					"@loader_path/Frameworks",
				);
				PRODUCT_BUNDLE_IDENTIFIER = local.MacBookAir.my.translator.translateUITests;
				PRODUCT_NAME = "$(TARGET_NAME)";
				SWIFT_VERSION = 5.0;
				TARGETED_DEVICE_FAMILY = "1,2";
				TEST_TARGET_NAME = translate;
			};
			name = Release;
		};
/* End XCBuildConfiguration section */

/* Begin XCConfigurationList section */
		94D25AE6251E4A8300191177 /* Build configuration list for PBXProject "translate" */ = {
			isa = XCConfigurationList;
			buildConfigurations = (
				94D25B0E251E4A8800191177 /* Debug */,
				94D25B0F251E4A8800191177 /* Release */,
			);
			defaultConfigurationIsVisible = 0;
			defaultConfigurationName = Release;
		};
		94D25B10251E4A8800191177 /* Build configuration list for PBXNativeTarget "translate" */ = {
			isa = XCConfigurationList;
			buildConfigurations = (
				94D25B11251E4A8800191177 /* Debug */,
				94D25B12251E4A8800191177 /* Release */,
			);
			defaultConfigurationIsVisible = 0;
			defaultConfigurationName = Release;
		};
		94D25B13251E4A8800191177 /* Build configuration list for PBXNativeTarget "translateTests" */ = {
			isa = XCConfigurationList;
			buildConfigurations = (
				94D25B14251E4A8800191177 /* Debug */,
				94D25B15251E4A8800191177 /* Release */,
			);
			defaultConfigurationIsVisible = 0;
			defaultConfigurationName = Release;
		};
		94D25B16251E4A8800191177 /* Build configuration list for PBXNativeTarget "translateUITests" */ = {
			isa = XCConfigurationList;
			buildConfigurations = (
				94D25B17251E4A8800191177 /* Debug */,
				94D25B18251E4A8800191177 /* Release */,
			);
			defaultConfigurationIsVisible = 0;
			defaultConfigurationName = Release;
		};
/* End XCConfigurationList section */
	};
	rootObject = 94D25AE3251E4A8300191177 /* Project object */;
}
