// !$*UTF8*$!
{
	archiveVersion = 1;
	classes = {
	};
	objectVersion = 50;
	objects = {

/* Begin PBXBuildFile section */
		94C56DD3251A3A5E00ADA15B /* TranslateApp.swift in Sources */ = {isa = PBXBuildFile; fileRef = 94C56DD2251A3A5E00ADA15B /* TranslateApp.swift */; };
		94C56DD5251A3A5E00ADA15B /* ContentView.swift in Sources */ = {isa = PBXBuildFile; fileRef = 94C56DD4251A3A5E00ADA15B /* ContentView.swift */; };
		94C56DD7251A3A6200ADA15B /* Assets.xcassets in Resources */ = {isa = PBXBuildFile; fileRef = 94C56DD6251A3A6200ADA15B /* Assets.xcassets */; };
		94C56DDA251A3A6200ADA15B /* Preview Assets.xcassets in Resources */ = {isa = PBXBuildFile; fileRef = 94C56DD9251A3A6200ADA15B /* Preview Assets.xcassets */; };
		94C56DE5251A3A6300ADA15B /* TranslateTests.swift in Sources */ = {isa = PBXBuildFile; fileRef = 94C56DE4251A3A6300ADA15B /* TranslateTests.swift */; };
		94C56DF0251A3A6300ADA15B /* TranslateUITests.swift in Sources */ = {isa = PBXBuildFile; fileRef = 94C56DEF251A3A6300ADA15B /* TranslateUITests.swift */; };
/* End PBXBuildFile section */

/* Begin PBXContainerItemProxy section */
		94C56DE1251A3A6300ADA15B /* PBXContainerItemProxy */ = {
			isa = PBXContainerItemProxy;
			containerPortal = 94C56DC7251A3A5E00ADA15B /* Project object */;
			proxyType = 1;
			remoteGlobalIDString = 94C56DCE251A3A5E00ADA15B;
			remoteInfo = Translate;
		};
		94C56DEC251A3A6300ADA15B /* PBXContainerItemProxy */ = {
			isa = PBXContainerItemProxy;
			containerPortal = 94C56DC7251A3A5E00ADA15B /* Project object */;
			proxyType = 1;
			remoteGlobalIDString = 94C56DCE251A3A5E00ADA15B;
			remoteInfo = Translate;
		};
/* End PBXContainerItemProxy section */

/* Begin PBXFileReference section */
		94C56DCF251A3A5E00ADA15B /* Translate.app */ = {isa = PBXFileReference; explicitFileType = wrapper.application; includeInIndex = 0; path = Translate.app; sourceTree = BUILT_PRODUCTS_DIR; };
		94C56DD2251A3A5E00ADA15B /* TranslateApp.swift */ = {isa = PBXFileReference; lastKnownFileType = sourcecode.swift; path = TranslateApp.swift; sourceTree = "<group>"; };
		94C56DD4251A3A5E00ADA15B /* ContentView.swift */ = {isa = PBXFileReference; lastKnownFileType = sourcecode.swift; path = ContentView.swift; sourceTree = "<group>"; };
		94C56DD6251A3A6200ADA15B /* Assets.xcassets */ = {isa = PBXFileReference; lastKnownFileType = folder.assetcatalog; path = Assets.xcassets; sourceTree = "<group>"; };
		94C56DD9251A3A6200ADA15B /* Preview Assets.xcassets */ = {isa = PBXFileReference; lastKnownFileType = folder.assetcatalog; path = "Preview Assets.xcassets"; sourceTree = "<group>"; };
		94C56DDB251A3A6200ADA15B /* Info.plist */ = {isa = PBXFileReference; lastKnownFileType = text.plist.xml; path = Info.plist; sourceTree = "<group>"; };
		94C56DE0251A3A6300ADA15B /* TranslateTests.xctest */ = {isa = PBXFileReference; explicitFileType = wrapper.cfbundle; includeInIndex = 0; path = TranslateTests.xctest; sourceTree = BUILT_PRODUCTS_DIR; };
		94C56DE4251A3A6300ADA15B /* TranslateTests.swift */ = {isa = PBXFileReference; lastKnownFileType = sourcecode.swift; path = TranslateTests.swift; sourceTree = "<group>"; };
		94C56DE6251A3A6300ADA15B /* Info.plist */ = {isa = PBXFileReference; lastKnownFileType = text.plist.xml; path = Info.plist; sourceTree = "<group>"; };
		94C56DEB251A3A6300ADA15B /* TranslateUITests.xctest */ = {isa = PBXFileReference; explicitFileType = wrapper.cfbundle; includeInIndex = 0; path = TranslateUITests.xctest; sourceTree = BUILT_PRODUCTS_DIR; };
		94C56DEF251A3A6300ADA15B /* TranslateUITests.swift */ = {isa = PBXFileReference; lastKnownFileType = sourcecode.swift; path = TranslateUITests.swift; sourceTree = "<group>"; };
		94C56DF1251A3A6300ADA15B /* Info.plist */ = {isa = PBXFileReference; lastKnownFileType = text.plist.xml; path = Info.plist; sourceTree = "<group>"; };
/* End PBXFileReference section */

/* Begin PBXFrameworksBuildPhase section */
		94C56DCC251A3A5E00ADA15B /* Frameworks */ = {
			isa = PBXFrameworksBuildPhase;
			buildActionMask = 2147483647;
			files = (
			);
			runOnlyForDeploymentPostprocessing = 0;
		};
		94C56DDD251A3A6300ADA15B /* Frameworks */ = {
			isa = PBXFrameworksBuildPhase;
			buildActionMask = 2147483647;
			files = (
			);
			runOnlyForDeploymentPostprocessing = 0;
		};
		94C56DE8251A3A6300ADA15B /* Frameworks */ = {
			isa = PBXFrameworksBuildPhase;
			buildActionMask = 2147483647;
			files = (
			);
			runOnlyForDeploymentPostprocessing = 0;
		};
/* End PBXFrameworksBuildPhase section */

/* Begin PBXGroup section */
		94C56DC6251A3A5E00ADA15B = {
			isa = PBXGroup;
			children = (
				94C56DD1251A3A5E00ADA15B /* Translate */,
				94C56DE3251A3A6300ADA15B /* TranslateTests */,
				94C56DEE251A3A6300ADA15B /* TranslateUITests */,
				94C56DD0251A3A5E00ADA15B /* Products */,
			);
			sourceTree = "<group>";
		};
		94C56DD0251A3A5E00ADA15B /* Products */ = {
			isa = PBXGroup;
			children = (
				94C56DCF251A3A5E00ADA15B /* Translate.app */,
				94C56DE0251A3A6300ADA15B /* TranslateTests.xctest */,
				94C56DEB251A3A6300ADA15B /* TranslateUITests.xctest */,
			);
			name = Products;
			sourceTree = "<group>";
		};
		94C56DD1251A3A5E00ADA15B /* Translate */ = {
			isa = PBXGroup;
			children = (
				94C56DD2251A3A5E00ADA15B /* TranslateApp.swift */,
				94C56DD4251A3A5E00ADA15B /* ContentView.swift */,
				94C56DD6251A3A6200ADA15B /* Assets.xcassets */,
				94C56DDB251A3A6200ADA15B /* Info.plist */,
				94C56DD8251A3A6200ADA15B /* Preview Content */,
			);
			path = Translate;
			sourceTree = "<group>";
		};
		94C56DD8251A3A6200ADA15B /* Preview Content */ = {
			isa = PBXGroup;
			children = (
				94C56DD9251A3A6200ADA15B /* Preview Assets.xcassets */,
			);
			path = "Preview Content";
			sourceTree = "<group>";
		};
		94C56DE3251A3A6300ADA15B /* TranslateTests */ = {
			isa = PBXGroup;
			children = (
				94C56DE4251A3A6300ADA15B /* TranslateTests.swift */,
				94C56DE6251A3A6300ADA15B /* Info.plist */,
			);
			path = TranslateTests;
			sourceTree = "<group>";
		};
		94C56DEE251A3A6300ADA15B /* TranslateUITests */ = {
			isa = PBXGroup;
			children = (
				94C56DEF251A3A6300ADA15B /* TranslateUITests.swift */,
				94C56DF1251A3A6300ADA15B /* Info.plist */,
			);
			path = TranslateUITests;
			sourceTree = "<group>";
		};
/* End PBXGroup section */

/* Begin PBXNativeTarget section */
		94C56DCE251A3A5E00ADA15B /* Translate */ = {
			isa = PBXNativeTarget;
			buildConfigurationList = 94C56DF4251A3A6300ADA15B /* Build configuration list for PBXNativeTarget "Translate" */;
			buildPhases = (
				94C56DCB251A3A5E00ADA15B /* Sources */,
				94C56DCC251A3A5E00ADA15B /* Frameworks */,
				94C56DCD251A3A5E00ADA15B /* Resources */,
			);
			buildRules = (
			);
			dependencies = (
			);
			name = Translate;
			productName = Translate;
			productReference = 94C56DCF251A3A5E00ADA15B /* Translate.app */;
			productType = "com.apple.product-type.application";
		};
		94C56DDF251A3A6300ADA15B /* TranslateTests */ = {
			isa = PBXNativeTarget;
			buildConfigurationList = 94C56DF7251A3A6300ADA15B /* Build configuration list for PBXNativeTarget "TranslateTests" */;
			buildPhases = (
				94C56DDC251A3A6300ADA15B /* Sources */,
				94C56DDD251A3A6300ADA15B /* Frameworks */,
				94C56DDE251A3A6300ADA15B /* Resources */,
			);
			buildRules = (
			);
			dependencies = (
				94C56DE2251A3A6300ADA15B /* PBXTargetDependency */,
			);
			name = TranslateTests;
			productName = TranslateTests;
			productReference = 94C56DE0251A3A6300ADA15B /* TranslateTests.xctest */;
			productType = "com.apple.product-type.bundle.unit-test";
		};
		94C56DEA251A3A6300ADA15B /* TranslateUITests */ = {
			isa = PBXNativeTarget;
			buildConfigurationList = 94C56DFA251A3A6300ADA15B /* Build configuration list for PBXNativeTarget "TranslateUITests" */;
			buildPhases = (
				94C56DE7251A3A6300ADA15B /* Sources */,
				94C56DE8251A3A6300ADA15B /* Frameworks */,
				94C56DE9251A3A6300ADA15B /* Resources */,
			);
			buildRules = (
			);
			dependencies = (
				94C56DED251A3A6300ADA15B /* PBXTargetDependency */,
			);
			name = TranslateUITests;
			productName = TranslateUITests;
			productReference = 94C56DEB251A3A6300ADA15B /* TranslateUITests.xctest */;
			productType = "com.apple.product-type.bundle.ui-testing";
		};
/* End PBXNativeTarget section */

/* Begin PBXProject section */
		94C56DC7251A3A5E00ADA15B /* Project object */ = {
			isa = PBXProject;
			attributes = {
				LastSwiftUpdateCheck = 1220;
				LastUpgradeCheck = 1220;
				TargetAttributes = {
					94C56DCE251A3A5E00ADA15B = {
						CreatedOnToolsVersion = 12.2;
					};
					94C56DDF251A3A6300ADA15B = {
						CreatedOnToolsVersion = 12.2;
						TestTargetID = 94C56DCE251A3A5E00ADA15B;
					};
					94C56DEA251A3A6300ADA15B = {
						CreatedOnToolsVersion = 12.2;
						TestTargetID = 94C56DCE251A3A5E00ADA15B;
					};
				};
			};
			buildConfigurationList = 94C56DCA251A3A5E00ADA15B /* Build configuration list for PBXProject "Translate" */;
			compatibilityVersion = "Xcode 9.3";
			developmentRegion = en;
			hasScannedForEncodings = 0;
			knownRegions = (
				en,
				Base,
			);
			mainGroup = 94C56DC6251A3A5E00ADA15B;
			productRefGroup = 94C56DD0251A3A5E00ADA15B /* Products */;
			projectDirPath = "";
			projectRoot = "";
			targets = (
				94C56DCE251A3A5E00ADA15B /* Translate */,
				94C56DDF251A3A6300ADA15B /* TranslateTests */,
				94C56DEA251A3A6300ADA15B /* TranslateUITests */,
			);
		};
/* End PBXProject section */

/* Begin PBXResourcesBuildPhase section */
		94C56DCD251A3A5E00ADA15B /* Resources */ = {
			isa = PBXResourcesBuildPhase;
			buildActionMask = 2147483647;
			files = (
				94C56DDA251A3A6200ADA15B /* Preview Assets.xcassets in Resources */,
				94C56DD7251A3A6200ADA15B /* Assets.xcassets in Resources */,
			);
			runOnlyForDeploymentPostprocessing = 0;
		};
		94C56DDE251A3A6300ADA15B /* Resources */ = {
			isa = PBXResourcesBuildPhase;
			buildActionMask = 2147483647;
			files = (
			);
			runOnlyForDeploymentPostprocessing = 0;
		};
		94C56DE9251A3A6300ADA15B /* Resources */ = {
			isa = PBXResourcesBuildPhase;
			buildActionMask = 2147483647;
			files = (
			);
			runOnlyForDeploymentPostprocessing = 0;
		};
/* End PBXResourcesBuildPhase section */

/* Begin PBXSourcesBuildPhase section */
		94C56DCB251A3A5E00ADA15B /* Sources */ = {
			isa = PBXSourcesBuildPhase;
			buildActionMask = 2147483647;
			files = (
				94C56DD5251A3A5E00ADA15B /* ContentView.swift in Sources */,
				94C56DD3251A3A5E00ADA15B /* TranslateApp.swift in Sources */,
			);
			runOnlyForDeploymentPostprocessing = 0;
		};
		94C56DDC251A3A6300ADA15B /* Sources */ = {
			isa = PBXSourcesBuildPhase;
			buildActionMask = 2147483647;
			files = (
				94C56DE5251A3A6300ADA15B /* TranslateTests.swift in Sources */,
			);
			runOnlyForDeploymentPostprocessing = 0;
		};
		94C56DE7251A3A6300ADA15B /* Sources */ = {
			isa = PBXSourcesBuildPhase;
			buildActionMask = 2147483647;
			files = (
				94C56DF0251A3A6300ADA15B /* TranslateUITests.swift in Sources */,
			);
			runOnlyForDeploymentPostprocessing = 0;
		};
/* End PBXSourcesBuildPhase section */

/* Begin PBXTargetDependency section */
		94C56DE2251A3A6300ADA15B /* PBXTargetDependency */ = {
			isa = PBXTargetDependency;
			target = 94C56DCE251A3A5E00ADA15B /* Translate */;
			targetProxy = 94C56DE1251A3A6300ADA15B /* PBXContainerItemProxy */;
		};
		94C56DED251A3A6300ADA15B /* PBXTargetDependency */ = {
			isa = PBXTargetDependency;
			target = 94C56DCE251A3A5E00ADA15B /* Translate */;
			targetProxy = 94C56DEC251A3A6300ADA15B /* PBXContainerItemProxy */;
		};
/* End PBXTargetDependency section */

/* Begin XCBuildConfiguration section */
		94C56DF2251A3A6300ADA15B /* Debug */ = {
			isa = XCBuildConfiguration;
			buildSettings = {
				ALWAYS_SEARCH_USER_PATHS = NO;
				CLANG_ANALYZER_NONNULL = YES;
				CLANG_ANALYZER_NUMBER_OBJECT_CONVERSION = YES_AGGRESSIVE;
				CLANG_CXX_LANGUAGE_STANDARD = "gnu++14";
				CLANG_CXX_LIBRARY = "libc++";
				CLANG_ENABLE_MODULES = YES;
				CLANG_ENABLE_OBJC_ARC = YES;
				CLANG_ENABLE_OBJC_WEAK = YES;
				CLANG_WARN_BLOCK_CAPTURE_AUTORELEASING = YES;
				CLANG_WARN_BOOL_CONVERSION = YES;
				CLANG_WARN_COMMA = YES;
				CLANG_WARN_CONSTANT_CONVERSION = YES;
				CLANG_WARN_DEPRECATED_OBJC_IMPLEMENTATIONS = YES;
				CLANG_WARN_DIRECT_OBJC_ISA_USAGE = YES_ERROR;
				CLANG_WARN_DOCUMENTATION_COMMENTS = YES;
				CLANG_WARN_EMPTY_BODY = YES;
				CLANG_WARN_ENUM_CONVERSION = YES;
				CLANG_WARN_INFINITE_RECURSION = YES;
				CLANG_WARN_INT_CONVERSION = YES;
				CLANG_WARN_NON_LITERAL_NULL_CONVERSION = YES;
				CLANG_WARN_OBJC_IMPLICIT_RETAIN_SELF = YES;
				CLANG_WARN_OBJC_LITERAL_CONVERSION = YES;
				CLANG_WARN_OBJC_ROOT_CLASS = YES_ERROR;
				CLANG_WARN_QUOTED_INCLUDE_IN_FRAMEWORK_HEADER = YES;
				CLANG_WARN_RANGE_LOOP_ANALYSIS = YES;
				CLANG_WARN_STRICT_PROTOTYPES = YES;
				CLANG_WARN_SUSPICIOUS_MOVE = YES;
				CLANG_WARN_UNGUARDED_AVAILABILITY = YES_AGGRESSIVE;
				CLANG_WARN_UNREACHABLE_CODE = YES;
				CLANG_WARN__DUPLICATE_METHOD_MATCH = YES;
				COPY_PHASE_STRIP = NO;
				DEBUG_INFORMATION_FORMAT = dwarf;
				ENABLE_STRICT_OBJC_MSGSEND = YES;
				ENABLE_TESTABILITY = YES;
				GCC_C_LANGUAGE_STANDARD = gnu11;
				GCC_DYNAMIC_NO_PIC = NO;
				GCC_NO_COMMON_BLOCKS = YES;
				GCC_OPTIMIZATION_LEVEL = 0;
				GCC_PREPROCESSOR_DEFINITIONS = (
					"DEBUG=1",
					"$(inherited)",
				);
				GCC_WARN_64_TO_32_BIT_CONVERSION = YES;
				GCC_WARN_ABOUT_RETURN_TYPE = YES_ERROR;
				GCC_WARN_UNDECLARED_SELECTOR = YES;
				GCC_WARN_UNINITIALIZED_AUTOS = YES_AGGRESSIVE;
				GCC_WARN_UNUSED_FUNCTION = YES;
				GCC_WARN_UNUSED_VARIABLE = YES;
				IPHONEOS_DEPLOYMENT_TARGET = 14.2;
				MTL_ENABLE_DEBUG_INFO = INCLUDE_SOURCE;
				MTL_FAST_MATH = YES;
				ONLY_ACTIVE_ARCH = YES;
				SDKROOT = iphoneos;
				SWIFT_ACTIVE_COMPILATION_CONDITIONS = DEBUG;
				SWIFT_OPTIMIZATION_LEVEL = "-Onone";
			};
			name = Debug;
		};
		94C56DF3251A3A6300ADA15B /* Release */ = {
			isa = XCBuildConfiguration;
			buildSettings = {
				ALWAYS_SEARCH_USER_PATHS = NO;
				CLANG_ANALYZER_NONNULL = YES;
				CLANG_ANALYZER_NUMBER_OBJECT_CONVERSION = YES_AGGRESSIVE;
				CLANG_CXX_LANGUAGE_STANDARD = "gnu++14";
				CLANG_CXX_LIBRARY = "libc++";
				CLANG_ENABLE_MODULES = YES;
				CLANG_ENABLE_OBJC_ARC = YES;
				CLANG_ENABLE_OBJC_WEAK = YES;
				CLANG_WARN_BLOCK_CAPTURE_AUTORELEASING = YES;
				CLANG_WARN_BOOL_CONVERSION = YES;
				CLANG_WARN_COMMA = YES;
				CLANG_WARN_CONSTANT_CONVERSION = YES;
				CLANG_WARN_DEPRECATED_OBJC_IMPLEMENTATIONS = YES;
				CLANG_WARN_DIRECT_OBJC_ISA_USAGE = YES_ERROR;
				CLANG_WARN_DOCUMENTATION_COMMENTS = YES;
				CLANG_WARN_EMPTY_BODY = YES;
				CLANG_WARN_ENUM_CONVERSION = YES;
				CLANG_WARN_INFINITE_RECURSION = YES;
				CLANG_WARN_INT_CONVERSION = YES;
				CLANG_WARN_NON_LITERAL_NULL_CONVERSION = YES;
				CLANG_WARN_OBJC_IMPLICIT_RETAIN_SELF = YES;
				CLANG_WARN_OBJC_LITERAL_CONVERSION = YES;
				CLANG_WARN_OBJC_ROOT_CLASS = YES_ERROR;
				CLANG_WARN_QUOTED_INCLUDE_IN_FRAMEWORK_HEADER = YES;
				CLANG_WARN_RANGE_LOOP_ANALYSIS = YES;
				CLANG_WARN_STRICT_PROTOTYPES = YES;
				CLANG_WARN_SUSPICIOUS_MOVE = YES;
				CLANG_WARN_UNGUARDED_AVAILABILITY = YES_AGGRESSIVE;
				CLANG_WARN_UNREACHABLE_CODE = YES;
				CLANG_WARN__DUPLICATE_METHOD_MATCH = YES;
				COPY_PHASE_STRIP = NO;
				DEBUG_INFORMATION_FORMAT = "dwarf-with-dsym";
				ENABLE_NS_ASSERTIONS = NO;
				ENABLE_STRICT_OBJC_MSGSEND = YES;
				GCC_C_LANGUAGE_STANDARD = gnu11;
				GCC_NO_COMMON_BLOCKS = YES;
				GCC_WARN_64_TO_32_BIT_CONVERSION = YES;
				GCC_WARN_ABOUT_RETURN_TYPE = YES_ERROR;
				GCC_WARN_UNDECLARED_SELECTOR = YES;
				GCC_WARN_UNINITIALIZED_AUTOS = YES_AGGRESSIVE;
				GCC_WARN_UNUSED_FUNCTION = YES;
				GCC_WARN_UNUSED_VARIABLE = YES;
				IPHONEOS_DEPLOYMENT_TARGET = 14.2;
				MTL_ENABLE_DEBUG_INFO = NO;
				MTL_FAST_MATH = YES;
				SDKROOT = iphoneos;
				SWIFT_COMPILATION_MODE = wholemodule;
				SWIFT_OPTIMIZATION_LEVEL = "-O";
				VALIDATE_PRODUCT = YES;
			};
			name = Release;
		};
		94C56DF5251A3A6300ADA15B /* Debug */ = {
			isa = XCBuildConfiguration;
			buildSettings = {
				ASSETCATALOG_COMPILER_APPICON_NAME = AppIcon;
				ASSETCATALOG_COMPILER_GLOBAL_ACCENT_COLOR_NAME = AccentColor;
				CODE_SIGN_STYLE = Automatic;
				DEVELOPMENT_ASSET_PATHS = "\"Translate/Preview Content\"";
				DEVELOPMENT_TEAM = Y3T9BQ4QS9;
				ENABLE_PREVIEWS = YES;
				INFOPLIST_FILE = Translate/Info.plist;
				IPHONEOS_DEPLOYMENT_TARGET = 14.0;
				LD_RUNPATH_SEARCH_PATHS = (
					"$(inherited)",
					"@executable_path/Frameworks",
				);
				PRODUCT_BUNDLE_IDENTIFIER = local.MacBookAir.my.translate.Translate;
				PRODUCT_NAME = "$(TARGET_NAME)";
				SWIFT_VERSION = 5.0;
				TARGETED_DEVICE_FAMILY = "1,2";
			};
			name = Debug;
		};
		94C56DF6251A3A6300ADA15B /* Release */ = {
			isa = XCBuildConfiguration;
			buildSettings = {
				ASSETCATALOG_COMPILER_APPICON_NAME = AppIcon;
				ASSETCATALOG_COMPILER_GLOBAL_ACCENT_COLOR_NAME = AccentColor;
				CODE_SIGN_STYLE = Automatic;
				DEVELOPMENT_ASSET_PATHS = "\"Translate/Preview Content\"";
				DEVELOPMENT_TEAM = Y3T9BQ4QS9;
				ENABLE_PREVIEWS = YES;
				INFOPLIST_FILE = Translate/Info.plist;
				IPHONEOS_DEPLOYMENT_TARGET = 14.0;
				LD_RUNPATH_SEARCH_PATHS = (
					"$(inherited)",
					"@executable_path/Frameworks",
				);
				PRODUCT_BUNDLE_IDENTIFIER = local.MacBookAir.my.translate.Translate;
				PRODUCT_NAME = "$(TARGET_NAME)";
				SWIFT_VERSION = 5.0;
				TARGETED_DEVICE_FAMILY = "1,2";
			};
			name = Release;
		};
		94C56DF8251A3A6300ADA15B /* Debug */ = {
			isa = XCBuildConfiguration;
			buildSettings = {
				ALWAYS_EMBED_SWIFT_STANDARD_LIBRARIES = YES;
				BUNDLE_LOADER = "$(TEST_HOST)";
				CODE_SIGN_STYLE = Automatic;
				DEVELOPMENT_TEAM = Y3T9BQ4QS9;
				INFOPLIST_FILE = TranslateTests/Info.plist;
				IPHONEOS_DEPLOYMENT_TARGET = 14.0;
				LD_RUNPATH_SEARCH_PATHS = (
					"$(inherited)",
					"@executable_path/Frameworks",
					"@loader_path/Frameworks",
				);
				PRODUCT_BUNDLE_IDENTIFIER = local.MacBookAir.my.translate.TranslateTests;
				PRODUCT_NAME = "$(TARGET_NAME)";
				SWIFT_VERSION = 5.0;
				TARGETED_DEVICE_FAMILY = "1,2";
				TEST_HOST = "$(BUILT_PRODUCTS_DIR)/Translate.app/Translate";
			};
			name = Debug;
		};
		94C56DF9251A3A6300ADA15B /* Release */ = {
			isa = XCBuildConfiguration;
			buildSettings = {
				ALWAYS_EMBED_SWIFT_STANDARD_LIBRARIES = YES;
				BUNDLE_LOADER = "$(TEST_HOST)";
				CODE_SIGN_STYLE = Automatic;
				DEVELOPMENT_TEAM = Y3T9BQ4QS9;
				INFOPLIST_FILE = TranslateTests/Info.plist;
				IPHONEOS_DEPLOYMENT_TARGET = 14.0;
				LD_RUNPATH_SEARCH_PATHS = (
					"$(inherited)",
					"@executable_path/Frameworks",
					"@loader_path/Frameworks",
				);
				PRODUCT_BUNDLE_IDENTIFIER = local.MacBookAir.my.translate.TranslateTests;
				PRODUCT_NAME = "$(TARGET_NAME)";
				SWIFT_VERSION = 5.0;
				TARGETED_DEVICE_FAMILY = "1,2";
				TEST_HOST = "$(BUILT_PRODUCTS_DIR)/Translate.app/Translate";
			};
			name = Release;
		};
		94C56DFB251A3A6300ADA15B /* Debug */ = {
			isa = XCBuildConfiguration;
			buildSettings = {
				ALWAYS_EMBED_SWIFT_STANDARD_LIBRARIES = YES;
				CODE_SIGN_STYLE = Automatic;
				DEVELOPMENT_TEAM = Y3T9BQ4QS9;
				INFOPLIST_FILE = TranslateUITests/Info.plist;
				LD_RUNPATH_SEARCH_PATHS = (
					"$(inherited)",
					"@executable_path/Frameworks",
					"@loader_path/Frameworks",
				);
				PRODUCT_BUNDLE_IDENTIFIER = local.MacBookAir.my.translate.TranslateUITests;
				PRODUCT_NAME = "$(TARGET_NAME)";
				SWIFT_VERSION = 5.0;
				TARGETED_DEVICE_FAMILY = "1,2";
				TEST_TARGET_NAME = Translate;
			};
			name = Debug;
		};
		94C56DFC251A3A6300ADA15B /* Release */ = {
			isa = XCBuildConfiguration;
			buildSettings = {
				ALWAYS_EMBED_SWIFT_STANDARD_LIBRARIES = YES;
				CODE_SIGN_STYLE = Automatic;
				DEVELOPMENT_TEAM = Y3T9BQ4QS9;
				INFOPLIST_FILE = TranslateUITests/Info.plist;
				LD_RUNPATH_SEARCH_PATHS = (
					"$(inherited)",
					"@executable_path/Frameworks",
					"@loader_path/Frameworks",
				);
				PRODUCT_BUNDLE_IDENTIFIER = local.MacBookAir.my.translate.TranslateUITests;
				PRODUCT_NAME = "$(TARGET_NAME)";
				SWIFT_VERSION = 5.0;
				TARGETED_DEVICE_FAMILY = "1,2";
				TEST_TARGET_NAME = Translate;
			};
			name = Release;
		};
/* End XCBuildConfiguration section */

/* Begin XCConfigurationList section */
		94C56DCA251A3A5E00ADA15B /* Build configuration list for PBXProject "Translate" */ = {
			isa = XCConfigurationList;
			buildConfigurations = (
				94C56DF2251A3A6300ADA15B /* Debug */,
				94C56DF3251A3A6300ADA15B /* Release */,
			);
			defaultConfigurationIsVisible = 0;
			defaultConfigurationName = Release;
		};
		94C56DF4251A3A6300ADA15B /* Build configuration list for PBXNativeTarget "Translate" */ = {
			isa = XCConfigurationList;
			buildConfigurations = (
				94C56DF5251A3A6300ADA15B /* Debug */,
				94C56DF6251A3A6300ADA15B /* Release */,
			);
			defaultConfigurationIsVisible = 0;
			defaultConfigurationName = Release;
		};
		94C56DF7251A3A6300ADA15B /* Build configuration list for PBXNativeTarget "TranslateTests" */ = {
			isa = XCConfigurationList;
			buildConfigurations = (
				94C56DF8251A3A6300ADA15B /* Debug */,
				94C56DF9251A3A6300ADA15B /* Release */,
			);
			defaultConfigurationIsVisible = 0;
			defaultConfigurationName = Release;
		};
		94C56DFA251A3A6300ADA15B /* Build configuration list for PBXNativeTarget "TranslateUITests" */ = {
			isa = XCConfigurationList;
			buildConfigurations = (
				94C56DFB251A3A6300ADA15B /* Debug */,
				94C56DFC251A3A6300ADA15B /* Release */,
			);
			defaultConfigurationIsVisible = 0;
			defaultConfigurationName = Release;
		};
/* End XCConfigurationList section */
	};
	rootObject = 94C56DC7251A3A5E00ADA15B /* Project object */;
}
