// !$*UTF8*$!
{
	archiveVersion = 1;
	classes = {
	};
	objectVersion = 50;
	objects = {

/* Begin PBXBuildFile section */
		94E64B512523917A005EE2CC /* logo96.png in Resources */ = {isa = PBXBuildFile; fileRef = 94E64B4E2523917A005EE2CC /* logo96.png */; };
		94E64B522523917A005EE2CC /* logo144.png in Resources */ = {isa = PBXBuildFile; fileRef = 94E64B4F2523917A005EE2CC /* logo144.png */; };
		94E64B532523917A005EE2CC /* logo48.png in Resources */ = {isa = PBXBuildFile; fileRef = 94E64B502523917A005EE2CC /* logo48.png */; };
		94EEA7CF25226221000C69F6 /* translateApp.swift in Sources */ = {isa = PBXBuildFile; fileRef = 94EEA7CE25226221000C69F6 /* translateApp.swift */; };
		94EEA7D125226221000C69F6 /* ContentView.swift in Sources */ = {isa = PBXBuildFile; fileRef = 94EEA7D025226221000C69F6 /* ContentView.swift */; };
		94EEA7D325226225000C69F6 /* Assets.xcassets in Resources */ = {isa = PBXBuildFile; fileRef = 94EEA7D225226225000C69F6 /* Assets.xcassets */; };
		94EEA7D625226225000C69F6 /* Preview Assets.xcassets in Resources */ = {isa = PBXBuildFile; fileRef = 94EEA7D525226225000C69F6 /* Preview Assets.xcassets */; };
		94EEA7E125226226000C69F6 /* translateTests.swift in Sources */ = {isa = PBXBuildFile; fileRef = 94EEA7E025226226000C69F6 /* translateTests.swift */; };
		94EEA7EC25226226000C69F6 /* translateUITests.swift in Sources */ = {isa = PBXBuildFile; fileRef = 94EEA7EB25226226000C69F6 /* translateUITests.swift */; };
		94EEA7FE252263C3000C69F6 /* languages.json in Resources */ = {isa = PBXBuildFile; fileRef = 94EEA7FD252263C3000C69F6 /* languages.json */; };
		94EEA814252263ED000C69F6 /* icon768.png in Resources */ = {isa = PBXBuildFile; fileRef = 94EEA805252263EC000C69F6 /* icon768.png */; };
		94EEA815252263ED000C69F6 /* icon58.png in Resources */ = {isa = PBXBuildFile; fileRef = 94EEA806252263EC000C69F6 /* icon58.png */; };
		94EEA816252263ED000C69F6 /* icon20.png in Resources */ = {isa = PBXBuildFile; fileRef = 94EEA807252263EC000C69F6 /* icon20.png */; };
		94EEA817252263ED000C69F6 /* icon152.png in Resources */ = {isa = PBXBuildFile; fileRef = 94EEA808252263EC000C69F6 /* icon152.png */; };
		94EEA818252263ED000C69F6 /* icon180.png in Resources */ = {isa = PBXBuildFile; fileRef = 94EEA809252263EC000C69F6 /* icon180.png */; };
		94EEA819252263ED000C69F6 /* icon80.png in Resources */ = {isa = PBXBuildFile; fileRef = 94EEA80A252263EC000C69F6 /* icon80.png */; };
		94EEA81A252263ED000C69F6 /* icon1024.png in Resources */ = {isa = PBXBuildFile; fileRef = 94EEA80B252263ED000C69F6 /* icon1024.png */; };
		94EEA81B252263ED000C69F6 /* icon87.png in Resources */ = {isa = PBXBuildFile; fileRef = 94EEA80C252263ED000C69F6 /* icon87.png */; };
		94EEA81C252263ED000C69F6 /* icon120.png in Resources */ = {isa = PBXBuildFile; fileRef = 94EEA80D252263ED000C69F6 /* icon120.png */; };
		94EEA81D252263ED000C69F6 /* icon29.png in Resources */ = {isa = PBXBuildFile; fileRef = 94EEA80E252263ED000C69F6 /* icon29.png */; };
		94EEA81E252263ED000C69F6 /* icon40.png in Resources */ = {isa = PBXBuildFile; fileRef = 94EEA80F252263ED000C69F6 /* icon40.png */; };
		94EEA81F252263ED000C69F6 /* icon167.png in Resources */ = {isa = PBXBuildFile; fileRef = 94EEA810252263ED000C69F6 /* icon167.png */; };
		94EEA820252263ED000C69F6 /* icon60.png in Resources */ = {isa = PBXBuildFile; fileRef = 94EEA811252263ED000C69F6 /* icon60.png */; };
		94EEA821252263ED000C69F6 /* icon76.png in Resources */ = {isa = PBXBuildFile; fileRef = 94EEA812252263ED000C69F6 /* icon76.png */; };
		94EEA822252263ED000C69F6 /* icon512.png in Resources */ = {isa = PBXBuildFile; fileRef = 94EEA813252263ED000C69F6 /* icon512.png */; };
		94EEA8292522648F000C69F6 /* logo29.png in Resources */ = {isa = PBXBuildFile; fileRef = 94EEA8262522648F000C69F6 /* logo29.png */; };
		94EEA83225226A1C000C69F6 /* logo32.png in Resources */ = {isa = PBXBuildFile; fileRef = 94EEA82F25226A1C000C69F6 /* logo32.png */; };
		94EEA83425226A1C000C69F6 /* logo64.png in Resources */ = {isa = PBXBuildFile; fileRef = 94EEA83125226A1C000C69F6 /* logo64.png */; };
		94EEA84325226F06000C69F6 /* Data.swift in Sources */ = {isa = PBXBuildFile; fileRef = 94EEA84225226F05000C69F6 /* Data.swift */; };
/* End PBXBuildFile section */

/* Begin PBXContainerItemProxy section */
		94EEA7DD25226226000C69F6 /* PBXContainerItemProxy */ = {
			isa = PBXContainerItemProxy;
			containerPortal = 94EEA7C325226221000C69F6 /* Project object */;
			proxyType = 1;
			remoteGlobalIDString = 94EEA7CA25226221000C69F6;
			remoteInfo = translate;
		};
		94EEA7E825226226000C69F6 /* PBXContainerItemProxy */ = {
			isa = PBXContainerItemProxy;
			containerPortal = 94EEA7C325226221000C69F6 /* Project object */;
			proxyType = 1;
			remoteGlobalIDString = 94EEA7CA25226221000C69F6;
			remoteInfo = translate;
		};
/* End PBXContainerItemProxy section */

/* Begin PBXFileReference section */
		94E64B4E2523917A005EE2CC /* logo96.png */ = {isa = PBXFileReference; lastKnownFileType = image.png; path = logo96.png; sourceTree = "<group>"; };
		94E64B4F2523917A005EE2CC /* logo144.png */ = {isa = PBXFileReference; lastKnownFileType = image.png; name = logo144.png; path = "../../../../../../../../Desktop/untitled folder/logo144.png"; sourceTree = "<group>"; };
		94E64B502523917A005EE2CC /* logo48.png */ = {isa = PBXFileReference; lastKnownFileType = image.png; path = logo48.png; sourceTree = "<group>"; };
		94EEA7CB25226221000C69F6 /* translate.app */ = {isa = PBXFileReference; explicitFileType = wrapper.application; includeInIndex = 0; path = translate.app; sourceTree = BUILT_PRODUCTS_DIR; };
		94EEA7CE25226221000C69F6 /* translateApp.swift */ = {isa = PBXFileReference; lastKnownFileType = sourcecode.swift; path = translateApp.swift; sourceTree = "<group>"; };
		94EEA7D025226221000C69F6 /* ContentView.swift */ = {isa = PBXFileReference; lastKnownFileType = sourcecode.swift; path = ContentView.swift; sourceTree = "<group>"; };
		94EEA7D225226225000C69F6 /* Assets.xcassets */ = {isa = PBXFileReference; lastKnownFileType = folder.assetcatalog; path = Assets.xcassets; sourceTree = "<group>"; };
		94EEA7D525226225000C69F6 /* Preview Assets.xcassets */ = {isa = PBXFileReference; lastKnownFileType = folder.assetcatalog; path = "Preview Assets.xcassets"; sourceTree = "<group>"; };
		94EEA7D725226225000C69F6 /* Info.plist */ = {isa = PBXFileReference; lastKnownFileType = text.plist.xml; path = Info.plist; sourceTree = "<group>"; };
		94EEA7DC25226226000C69F6 /* translateTests.xctest */ = {isa = PBXFileReference; explicitFileType = wrapper.cfbundle; includeInIndex = 0; path = translateTests.xctest; sourceTree = BUILT_PRODUCTS_DIR; };
		94EEA7E025226226000C69F6 /* translateTests.swift */ = {isa = PBXFileReference; lastKnownFileType = sourcecode.swift; path = translateTests.swift; sourceTree = "<group>"; };
		94EEA7E225226226000C69F6 /* Info.plist */ = {isa = PBXFileReference; lastKnownFileType = text.plist.xml; path = Info.plist; sourceTree = "<group>"; };
		94EEA7E725226226000C69F6 /* translateUITests.xctest */ = {isa = PBXFileReference; explicitFileType = wrapper.cfbundle; includeInIndex = 0; path = translateUITests.xctest; sourceTree = BUILT_PRODUCTS_DIR; };
		94EEA7EB25226226000C69F6 /* translateUITests.swift */ = {isa = PBXFileReference; lastKnownFileType = sourcecode.swift; path = translateUITests.swift; sourceTree = "<group>"; };
		94EEA7ED25226226000C69F6 /* Info.plist */ = {isa = PBXFileReference; lastKnownFileType = text.plist.xml; path = Info.plist; sourceTree = "<group>"; };
		94EEA7FD252263C3000C69F6 /* languages.json */ = {isa = PBXFileReference; lastKnownFileType = text.json; path = languages.json; sourceTree = "<group>"; };
		94EEA805252263EC000C69F6 /* icon768.png */ = {isa = PBXFileReference; lastKnownFileType = image.png; path = icon768.png; sourceTree = "<group>"; };
		94EEA806252263EC000C69F6 /* icon58.png */ = {isa = PBXFileReference; lastKnownFileType = image.png; path = icon58.png; sourceTree = "<group>"; };
		94EEA807252263EC000C69F6 /* icon20.png */ = {isa = PBXFileReference; lastKnownFileType = image.png; path = icon20.png; sourceTree = "<group>"; };
		94EEA808252263EC000C69F6 /* icon152.png */ = {isa = PBXFileReference; lastKnownFileType = image.png; path = icon152.png; sourceTree = "<group>"; };
		94EEA809252263EC000C69F6 /* icon180.png */ = {isa = PBXFileReference; lastKnownFileType = image.png; path = icon180.png; sourceTree = "<group>"; };
		94EEA80A252263EC000C69F6 /* icon80.png */ = {isa = PBXFileReference; lastKnownFileType = image.png; path = icon80.png; sourceTree = "<group>"; };
		94EEA80B252263ED000C69F6 /* icon1024.png */ = {isa = PBXFileReference; lastKnownFileType = image.png; path = icon1024.png; sourceTree = "<group>"; };
		94EEA80C252263ED000C69F6 /* icon87.png */ = {isa = PBXFileReference; lastKnownFileType = image.png; path = icon87.png; sourceTree = "<group>"; };
		94EEA80D252263ED000C69F6 /* icon120.png */ = {isa = PBXFileReference; lastKnownFileType = image.png; path = icon120.png; sourceTree = "<group>"; };
		94EEA80E252263ED000C69F6 /* icon29.png */ = {isa = PBXFileReference; lastKnownFileType = image.png; path = icon29.png; sourceTree = "<group>"; };
		94EEA80F252263ED000C69F6 /* icon40.png */ = {isa = PBXFileReference; lastKnownFileType = image.png; path = icon40.png; sourceTree = "<group>"; };
		94EEA810252263ED000C69F6 /* icon167.png */ = {isa = PBXFileReference; lastKnownFileType = image.png; path = icon167.png; sourceTree = "<group>"; };
		94EEA811252263ED000C69F6 /* icon60.png */ = {isa = PBXFileReference; lastKnownFileType = image.png; path = icon60.png; sourceTree = "<group>"; };
		94EEA812252263ED000C69F6 /* icon76.png */ = {isa = PBXFileReference; lastKnownFileType = image.png; path = icon76.png; sourceTree = "<group>"; };
		94EEA813252263ED000C69F6 /* icon512.png */ = {isa = PBXFileReference; lastKnownFileType = image.png; path = icon512.png; sourceTree = "<group>"; };
		94EEA8262522648F000C69F6 /* logo29.png */ = {isa = PBXFileReference; lastKnownFileType = image.png; path = logo29.png; sourceTree = "<group>"; };
		94EEA82F25226A1C000C69F6 /* logo32.png */ = {isa = PBXFileReference; lastKnownFileType = image.png; path = logo32.png; sourceTree = "<group>"; };
		94EEA83125226A1C000C69F6 /* logo64.png */ = {isa = PBXFileReference; lastKnownFileType = image.png; path = logo64.png; sourceTree = "<group>"; };
		94EEA84225226F05000C69F6 /* Data.swift */ = {isa = PBXFileReference; lastKnownFileType = sourcecode.swift; path = Data.swift; sourceTree = "<group>"; };
/* End PBXFileReference section */

/* Begin PBXFrameworksBuildPhase section */
		94EEA7C825226221000C69F6 /* Frameworks */ = {
			isa = PBXFrameworksBuildPhase;
			buildActionMask = 2147483647;
			files = (
			);
			runOnlyForDeploymentPostprocessing = 0;
		};
		94EEA7D925226226000C69F6 /* Frameworks */ = {
			isa = PBXFrameworksBuildPhase;
			buildActionMask = 2147483647;
			files = (
			);
			runOnlyForDeploymentPostprocessing = 0;
		};
		94EEA7E425226226000C69F6 /* Frameworks */ = {
			isa = PBXFrameworksBuildPhase;
			buildActionMask = 2147483647;
			files = (
			);
			runOnlyForDeploymentPostprocessing = 0;
		};
/* End PBXFrameworksBuildPhase section */

/* Begin PBXGroup section */
		94EEA7C225226221000C69F6 = {
			isa = PBXGroup;
			children = (
				94EEA7CD25226221000C69F6 /* translate */,
				94EEA7DF25226226000C69F6 /* translateTests */,
				94EEA7EA25226226000C69F6 /* translateUITests */,
				94EEA7CC25226221000C69F6 /* Products */,
			);
			sourceTree = "<group>";
		};
		94EEA7CC25226221000C69F6 /* Products */ = {
			isa = PBXGroup;
			children = (
				94EEA7CB25226221000C69F6 /* translate.app */,
				94EEA7DC25226226000C69F6 /* translateTests.xctest */,
				94EEA7E725226226000C69F6 /* translateUITests.xctest */,
			);
			name = Products;
			sourceTree = "<group>";
		};
		94EEA7CD25226221000C69F6 /* translate */ = {
			isa = PBXGroup;
			children = (
				94EEA7FC25226397000C69F6 /* Resources */,
				94EEA7CE25226221000C69F6 /* translateApp.swift */,
				94EEA7D025226221000C69F6 /* ContentView.swift */,
				94EEA7D225226225000C69F6 /* Assets.xcassets */,
				94EEA7D725226225000C69F6 /* Info.plist */,
				94EEA7D425226225000C69F6 /* Preview Content */,
				94EEA84225226F05000C69F6 /* Data.swift */,
			);
			path = translate;
			sourceTree = "<group>";
		};
		94EEA7D425226225000C69F6 /* Preview Content */ = {
			isa = PBXGroup;
			children = (
				94EEA7D525226225000C69F6 /* Preview Assets.xcassets */,
			);
			path = "Preview Content";
			sourceTree = "<group>";
		};
		94EEA7DF25226226000C69F6 /* translateTests */ = {
			isa = PBXGroup;
			children = (
				94EEA7E025226226000C69F6 /* translateTests.swift */,
				94EEA7E225226226000C69F6 /* Info.plist */,
			);
			path = translateTests;
			sourceTree = "<group>";
		};
		94EEA7EA25226226000C69F6 /* translateUITests */ = {
			isa = PBXGroup;
			children = (
				94EEA7EB25226226000C69F6 /* translateUITests.swift */,
				94EEA7ED25226226000C69F6 /* Info.plist */,
			);
			path = translateUITests;
			sourceTree = "<group>";
		};
		94EEA7FC25226397000C69F6 /* Resources */ = {
			isa = PBXGroup;
			children = (
				94EEA83925226A3D000C69F6 /* logo */,
				94EEA83E25226A79000C69F6 /* icon */,
				94EEA7FD252263C3000C69F6 /* languages.json */,
			);
			path = Resources;
			sourceTree = "<group>";
		};
		94EEA83925226A3D000C69F6 /* logo */ = {
			isa = PBXGroup;
			children = (
				94E64B502523917A005EE2CC /* logo48.png */,
				94E64B4E2523917A005EE2CC /* logo96.png */,
				94E64B4F2523917A005EE2CC /* logo144.png */,
				94EEA82F25226A1C000C69F6 /* logo32.png */,
				94EEA83125226A1C000C69F6 /* logo64.png */,
				94EEA8262522648F000C69F6 /* logo29.png */,
			);
			path = logo;
			sourceTree = "<group>";
		};
		94EEA83E25226A79000C69F6 /* icon */ = {
			isa = PBXGroup;
			children = (
				94EEA807252263EC000C69F6 /* icon20.png */,
				94EEA80E252263ED000C69F6 /* icon29.png */,
				94EEA80F252263ED000C69F6 /* icon40.png */,
				94EEA806252263EC000C69F6 /* icon58.png */,
				94EEA811252263ED000C69F6 /* icon60.png */,
				94EEA812252263ED000C69F6 /* icon76.png */,
				94EEA80A252263EC000C69F6 /* icon80.png */,
				94EEA80C252263ED000C69F6 /* icon87.png */,
				94EEA80D252263ED000C69F6 /* icon120.png */,
				94EEA808252263EC000C69F6 /* icon152.png */,
				94EEA810252263ED000C69F6 /* icon167.png */,
				94EEA809252263EC000C69F6 /* icon180.png */,
				94EEA813252263ED000C69F6 /* icon512.png */,
				94EEA805252263EC000C69F6 /* icon768.png */,
				94EEA80B252263ED000C69F6 /* icon1024.png */,
			);
			path = icon;
			sourceTree = "<group>";
		};
/* End PBXGroup section */

/* Begin PBXNativeTarget section */
		94EEA7CA25226221000C69F6 /* translate */ = {
			isa = PBXNativeTarget;
			buildConfigurationList = 94EEA7F025226226000C69F6 /* Build configuration list for PBXNativeTarget "translate" */;
			buildPhases = (
				94EEA7C725226221000C69F6 /* Sources */,
				94EEA7C825226221000C69F6 /* Frameworks */,
				94EEA7C925226221000C69F6 /* Resources */,
			);
			buildRules = (
			);
			dependencies = (
			);
			name = translate;
			productName = translate;
			productReference = 94EEA7CB25226221000C69F6 /* translate.app */;
			productType = "com.apple.product-type.application";
		};
		94EEA7DB25226226000C69F6 /* translateTests */ = {
			isa = PBXNativeTarget;
			buildConfigurationList = 94EEA7F325226226000C69F6 /* Build configuration list for PBXNativeTarget "translateTests" */;
			buildPhases = (
				94EEA7D825226226000C69F6 /* Sources */,
				94EEA7D925226226000C69F6 /* Frameworks */,
				94EEA7DA25226226000C69F6 /* Resources */,
			);
			buildRules = (
			);
			dependencies = (
				94EEA7DE25226226000C69F6 /* PBXTargetDependency */,
			);
			name = translateTests;
			productName = translateTests;
			productReference = 94EEA7DC25226226000C69F6 /* translateTests.xctest */;
			productType = "com.apple.product-type.bundle.unit-test";
		};
		94EEA7E625226226000C69F6 /* translateUITests */ = {
			isa = PBXNativeTarget;
			buildConfigurationList = 94EEA7F625226226000C69F6 /* Build configuration list for PBXNativeTarget "translateUITests" */;
			buildPhases = (
				94EEA7E325226226000C69F6 /* Sources */,
				94EEA7E425226226000C69F6 /* Frameworks */,
				94EEA7E525226226000C69F6 /* Resources */,
			);
			buildRules = (
			);
			dependencies = (
				94EEA7E925226226000C69F6 /* PBXTargetDependency */,
			);
			name = translateUITests;
			productName = translateUITests;
			productReference = 94EEA7E725226226000C69F6 /* translateUITests.xctest */;
			productType = "com.apple.product-type.bundle.ui-testing";
		};
/* End PBXNativeTarget section */

/* Begin PBXProject section */
		94EEA7C325226221000C69F6 /* Project object */ = {
			isa = PBXProject;
			attributes = {
				LastSwiftUpdateCheck = 1220;
				LastUpgradeCheck = 1220;
				TargetAttributes = {
					94EEA7CA25226221000C69F6 = {
						CreatedOnToolsVersion = 12.2;
					};
					94EEA7DB25226226000C69F6 = {
						CreatedOnToolsVersion = 12.2;
						TestTargetID = 94EEA7CA25226221000C69F6;
					};
					94EEA7E625226226000C69F6 = {
						CreatedOnToolsVersion = 12.2;
						TestTargetID = 94EEA7CA25226221000C69F6;
					};
				};
			};
			buildConfigurationList = 94EEA7C625226221000C69F6 /* Build configuration list for PBXProject "translate" */;
			compatibilityVersion = "Xcode 9.3";
			developmentRegion = en;
			hasScannedForEncodings = 0;
			knownRegions = (
				en,
				Base,
			);
			mainGroup = 94EEA7C225226221000C69F6;
			productRefGroup = 94EEA7CC25226221000C69F6 /* Products */;
			projectDirPath = "";
			projectRoot = "";
			targets = (
				94EEA7CA25226221000C69F6 /* translate */,
				94EEA7DB25226226000C69F6 /* translateTests */,
				94EEA7E625226226000C69F6 /* translateUITests */,
			);
		};
/* End PBXProject section */

/* Begin PBXResourcesBuildPhase section */
		94EEA7C925226221000C69F6 /* Resources */ = {
			isa = PBXResourcesBuildPhase;
			buildActionMask = 2147483647;
			files = (
				94EEA83425226A1C000C69F6 /* logo64.png in Resources */,
				94E64B532523917A005EE2CC /* logo48.png in Resources */,
				94EEA818252263ED000C69F6 /* icon180.png in Resources */,
				94EEA814252263ED000C69F6 /* icon768.png in Resources */,
				94EEA81C252263ED000C69F6 /* icon120.png in Resources */,
				94EEA7FE252263C3000C69F6 /* languages.json in Resources */,
				94EEA81A252263ED000C69F6 /* icon1024.png in Resources */,
				94EEA822252263ED000C69F6 /* icon512.png in Resources */,
				94EEA83225226A1C000C69F6 /* logo32.png in Resources */,
				94EEA816252263ED000C69F6 /* icon20.png in Resources */,
				94EEA81E252263ED000C69F6 /* icon40.png in Resources */,
				94EEA7D625226225000C69F6 /* Preview Assets.xcassets in Resources */,
				94EEA81D252263ED000C69F6 /* icon29.png in Resources */,
				94E64B512523917A005EE2CC /* logo96.png in Resources */,
				94EEA819252263ED000C69F6 /* icon80.png in Resources */,
				94E64B522523917A005EE2CC /* logo144.png in Resources */,
				94EEA7D325226225000C69F6 /* Assets.xcassets in Resources */,
				94EEA81F252263ED000C69F6 /* icon167.png in Resources */,
				94EEA8292522648F000C69F6 /* logo29.png in Resources */,
				94EEA820252263ED000C69F6 /* icon60.png in Resources */,
				94EEA817252263ED000C69F6 /* icon152.png in Resources */,
				94EEA81B252263ED000C69F6 /* icon87.png in Resources */,
				94EEA821252263ED000C69F6 /* icon76.png in Resources */,
				94EEA815252263ED000C69F6 /* icon58.png in Resources */,
			);
			runOnlyForDeploymentPostprocessing = 0;
		};
		94EEA7DA25226226000C69F6 /* Resources */ = {
			isa = PBXResourcesBuildPhase;
			buildActionMask = 2147483647;
			files = (
			);
			runOnlyForDeploymentPostprocessing = 0;
		};
		94EEA7E525226226000C69F6 /* Resources */ = {
			isa = PBXResourcesBuildPhase;
			buildActionMask = 2147483647;
			files = (
			);
			runOnlyForDeploymentPostprocessing = 0;
		};
/* End PBXResourcesBuildPhase section */

/* Begin PBXSourcesBuildPhase section */
		94EEA7C725226221000C69F6 /* Sources */ = {
			isa = PBXSourcesBuildPhase;
			buildActionMask = 2147483647;
			files = (
				94EEA7D125226221000C69F6 /* ContentView.swift in Sources */,
				94EEA84325226F06000C69F6 /* Data.swift in Sources */,
				94EEA7CF25226221000C69F6 /* translateApp.swift in Sources */,
			);
			runOnlyForDeploymentPostprocessing = 0;
		};
		94EEA7D825226226000C69F6 /* Sources */ = {
			isa = PBXSourcesBuildPhase;
			buildActionMask = 2147483647;
			files = (
				94EEA7E125226226000C69F6 /* translateTests.swift in Sources */,
			);
			runOnlyForDeploymentPostprocessing = 0;
		};
		94EEA7E325226226000C69F6 /* Sources */ = {
			isa = PBXSourcesBuildPhase;
			buildActionMask = 2147483647;
			files = (
				94EEA7EC25226226000C69F6 /* translateUITests.swift in Sources */,
			);
			runOnlyForDeploymentPostprocessing = 0;
		};
/* End PBXSourcesBuildPhase section */

/* Begin PBXTargetDependency section */
		94EEA7DE25226226000C69F6 /* PBXTargetDependency */ = {
			isa = PBXTargetDependency;
			target = 94EEA7CA25226221000C69F6 /* translate */;
			targetProxy = 94EEA7DD25226226000C69F6 /* PBXContainerItemProxy */;
		};
		94EEA7E925226226000C69F6 /* PBXTargetDependency */ = {
			isa = PBXTargetDependency;
			target = 94EEA7CA25226221000C69F6 /* translate */;
			targetProxy = 94EEA7E825226226000C69F6 /* PBXContainerItemProxy */;
		};
/* End PBXTargetDependency section */

/* Begin XCBuildConfiguration section */
		94EEA7EE25226226000C69F6 /* Debug */ = {
			isa = XCBuildConfiguration;
			buildSettings = {
				ALWAYS_SEARCH_USER_PATHS = NO;
				CLANG_ANALYZER_NONNULL = YES;
				CLANG_ANALYZER_NUMBER_OBJECT_CONVERSION = YES_AGGRESSIVE;
				CLANG_CXX_LANGUAGE_STANDARD = "gnu++14";
				CLANG_CXX_LIBRARY = "libc++";
				CLANG_ENABLE_MODULES = YES;
				CLANG_ENABLE_OBJC_ARC = YES;
				CLANG_ENABLE_OBJC_WEAK = YES;
				CLANG_WARN_BLOCK_CAPTURE_AUTORELEASING = YES;
				CLANG_WARN_BOOL_CONVERSION = YES;
				CLANG_WARN_COMMA = YES;
				CLANG_WARN_CONSTANT_CONVERSION = YES;
				CLANG_WARN_DEPRECATED_OBJC_IMPLEMENTATIONS = YES;
				CLANG_WARN_DIRECT_OBJC_ISA_USAGE = YES_ERROR;
				CLANG_WARN_DOCUMENTATION_COMMENTS = YES;
				CLANG_WARN_EMPTY_BODY = YES;
				CLANG_WARN_ENUM_CONVERSION = YES;
				CLANG_WARN_INFINITE_RECURSION = YES;
				CLANG_WARN_INT_CONVERSION = YES;
				CLANG_WARN_NON_LITERAL_NULL_CONVERSION = YES;
				CLANG_WARN_OBJC_IMPLICIT_RETAIN_SELF = YES;
				CLANG_WARN_OBJC_LITERAL_CONVERSION = YES;
				CLANG_WARN_OBJC_ROOT_CLASS = YES_ERROR;
				CLANG_WARN_QUOTED_INCLUDE_IN_FRAMEWORK_HEADER = YES;
				CLANG_WARN_RANGE_LOOP_ANALYSIS = YES;
				CLANG_WARN_STRICT_PROTOTYPES = YES;
				CLANG_WARN_SUSPICIOUS_MOVE = YES;
				CLANG_WARN_UNGUARDED_AVAILABILITY = YES_AGGRESSIVE;
				CLANG_WARN_UNREACHABLE_CODE = YES;
				CLANG_WARN__DUPLICATE_METHOD_MATCH = YES;
				COPY_PHASE_STRIP = NO;
				DEBUG_INFORMATION_FORMAT = dwarf;
				ENABLE_STRICT_OBJC_MSGSEND = YES;
				ENABLE_TESTABILITY = YES;
				GCC_C_LANGUAGE_STANDARD = gnu11;
				GCC_DYNAMIC_NO_PIC = NO;
				GCC_NO_COMMON_BLOCKS = YES;
				GCC_OPTIMIZATION_LEVEL = 0;
				GCC_PREPROCESSOR_DEFINITIONS = (
					"DEBUG=1",
					"$(inherited)",
				);
				GCC_WARN_64_TO_32_BIT_CONVERSION = YES;
				GCC_WARN_ABOUT_RETURN_TYPE = YES_ERROR;
				GCC_WARN_UNDECLARED_SELECTOR = YES;
				GCC_WARN_UNINITIALIZED_AUTOS = YES_AGGRESSIVE;
				GCC_WARN_UNUSED_FUNCTION = YES;
				GCC_WARN_UNUSED_VARIABLE = YES;
				IPHONEOS_DEPLOYMENT_TARGET = 14.2;
				MTL_ENABLE_DEBUG_INFO = INCLUDE_SOURCE;
				MTL_FAST_MATH = YES;
				ONLY_ACTIVE_ARCH = YES;
				SDKROOT = iphoneos;
				SWIFT_ACTIVE_COMPILATION_CONDITIONS = DEBUG;
				SWIFT_OPTIMIZATION_LEVEL = "-Onone";
			};
			name = Debug;
		};
		94EEA7EF25226226000C69F6 /* Release */ = {
			isa = XCBuildConfiguration;
			buildSettings = {
				ALWAYS_SEARCH_USER_PATHS = NO;
				CLANG_ANALYZER_NONNULL = YES;
				CLANG_ANALYZER_NUMBER_OBJECT_CONVERSION = YES_AGGRESSIVE;
				CLANG_CXX_LANGUAGE_STANDARD = "gnu++14";
				CLANG_CXX_LIBRARY = "libc++";
				CLANG_ENABLE_MODULES = YES;
				CLANG_ENABLE_OBJC_ARC = YES;
				CLANG_ENABLE_OBJC_WEAK = YES;
				CLANG_WARN_BLOCK_CAPTURE_AUTORELEASING = YES;
				CLANG_WARN_BOOL_CONVERSION = YES;
				CLANG_WARN_COMMA = YES;
				CLANG_WARN_CONSTANT_CONVERSION = YES;
				CLANG_WARN_DEPRECATED_OBJC_IMPLEMENTATIONS = YES;
				CLANG_WARN_DIRECT_OBJC_ISA_USAGE = YES_ERROR;
				CLANG_WARN_DOCUMENTATION_COMMENTS = YES;
				CLANG_WARN_EMPTY_BODY = YES;
				CLANG_WARN_ENUM_CONVERSION = YES;
				CLANG_WARN_INFINITE_RECURSION = YES;
				CLANG_WARN_INT_CONVERSION = YES;
				CLANG_WARN_NON_LITERAL_NULL_CONVERSION = YES;
				CLANG_WARN_OBJC_IMPLICIT_RETAIN_SELF = YES;
				CLANG_WARN_OBJC_LITERAL_CONVERSION = YES;
				CLANG_WARN_OBJC_ROOT_CLASS = YES_ERROR;
				CLANG_WARN_QUOTED_INCLUDE_IN_FRAMEWORK_HEADER = YES;
				CLANG_WARN_RANGE_LOOP_ANALYSIS = YES;
				CLANG_WARN_STRICT_PROTOTYPES = YES;
				CLANG_WARN_SUSPICIOUS_MOVE = YES;
				CLANG_WARN_UNGUARDED_AVAILABILITY = YES_AGGRESSIVE;
				CLANG_WARN_UNREACHABLE_CODE = YES;
				CLANG_WARN__DUPLICATE_METHOD_MATCH = YES;
				COPY_PHASE_STRIP = NO;
				DEBUG_INFORMATION_FORMAT = "dwarf-with-dsym";
				ENABLE_NS_ASSERTIONS = NO;
				ENABLE_STRICT_OBJC_MSGSEND = YES;
				GCC_C_LANGUAGE_STANDARD = gnu11;
				GCC_NO_COMMON_BLOCKS = YES;
				GCC_WARN_64_TO_32_BIT_CONVERSION = YES;
				GCC_WARN_ABOUT_RETURN_TYPE = YES_ERROR;
				GCC_WARN_UNDECLARED_SELECTOR = YES;
				GCC_WARN_UNINITIALIZED_AUTOS = YES_AGGRESSIVE;
				GCC_WARN_UNUSED_FUNCTION = YES;
				GCC_WARN_UNUSED_VARIABLE = YES;
				IPHONEOS_DEPLOYMENT_TARGET = 14.2;
				MTL_ENABLE_DEBUG_INFO = NO;
				MTL_FAST_MATH = YES;
				SDKROOT = iphoneos;
				SWIFT_COMPILATION_MODE = wholemodule;
				SWIFT_OPTIMIZATION_LEVEL = "-O";
				VALIDATE_PRODUCT = YES;
			};
			name = Release;
		};
		94EEA7F125226226000C69F6 /* Debug */ = {
			isa = XCBuildConfiguration;
			buildSettings = {
				ASSETCATALOG_COMPILER_APPICON_NAME = AppIcon;
				ASSETCATALOG_COMPILER_GLOBAL_ACCENT_COLOR_NAME = AccentColor;
				CODE_SIGN_STYLE = Automatic;
				DEVELOPMENT_ASSET_PATHS = "\"translate/Preview Content\"";
				DEVELOPMENT_TEAM = Y3T9BQ4QS9;
				ENABLE_PREVIEWS = YES;
				INFOPLIST_FILE = translate/Info.plist;
				IPHONEOS_DEPLOYMENT_TARGET = 14.0;
				LD_RUNPATH_SEARCH_PATHS = (
					"$(inherited)",
					"@executable_path/Frameworks",
				);
				PRODUCT_BUNDLE_IDENTIFIER = local.MacBookAir.my.translator.translate;
				PRODUCT_NAME = "$(TARGET_NAME)";
				SWIFT_VERSION = 5.0;
				TARGETED_DEVICE_FAMILY = "1,2";
			};
			name = Debug;
		};
		94EEA7F225226226000C69F6 /* Release */ = {
			isa = XCBuildConfiguration;
			buildSettings = {
				ASSETCATALOG_COMPILER_APPICON_NAME = AppIcon;
				ASSETCATALOG_COMPILER_GLOBAL_ACCENT_COLOR_NAME = AccentColor;
				CODE_SIGN_STYLE = Automatic;
				DEVELOPMENT_ASSET_PATHS = "\"translate/Preview Content\"";
				DEVELOPMENT_TEAM = Y3T9BQ4QS9;
				ENABLE_PREVIEWS = YES;
				INFOPLIST_FILE = translate/Info.plist;
				IPHONEOS_DEPLOYMENT_TARGET = 14.0;
				LD_RUNPATH_SEARCH_PATHS = (
					"$(inherited)",
					"@executable_path/Frameworks",
				);
				PRODUCT_BUNDLE_IDENTIFIER = local.MacBookAir.my.translator.translate;
				PRODUCT_NAME = "$(TARGET_NAME)";
				SWIFT_VERSION = 5.0;
				TARGETED_DEVICE_FAMILY = "1,2";
			};
			name = Release;
		};
		94EEA7F425226226000C69F6 /* Debug */ = {
			isa = XCBuildConfiguration;
			buildSettings = {
				ALWAYS_EMBED_SWIFT_STANDARD_LIBRARIES = YES;
				BUNDLE_LOADER = "$(TEST_HOST)";
				CODE_SIGN_STYLE = Automatic;
				DEVELOPMENT_TEAM = Y3T9BQ4QS9;
				INFOPLIST_FILE = translateTests/Info.plist;
				IPHONEOS_DEPLOYMENT_TARGET = 14.0;
				LD_RUNPATH_SEARCH_PATHS = (
					"$(inherited)",
					"@executable_path/Frameworks",
					"@loader_path/Frameworks",
				);
				PRODUCT_BUNDLE_IDENTIFIER = local.MacBookAir.my.translator.translateTests;
				PRODUCT_NAME = "$(TARGET_NAME)";
				SWIFT_VERSION = 5.0;
				TARGETED_DEVICE_FAMILY = "1,2";
				TEST_HOST = "$(BUILT_PRODUCTS_DIR)/translate.app/translate";
			};
			name = Debug;
		};
		94EEA7F525226226000C69F6 /* Release */ = {
			isa = XCBuildConfiguration;
			buildSettings = {
				ALWAYS_EMBED_SWIFT_STANDARD_LIBRARIES = YES;
				BUNDLE_LOADER = "$(TEST_HOST)";
				CODE_SIGN_STYLE = Automatic;
				DEVELOPMENT_TEAM = Y3T9BQ4QS9;
				INFOPLIST_FILE = translateTests/Info.plist;
				IPHONEOS_DEPLOYMENT_TARGET = 14.0;
				LD_RUNPATH_SEARCH_PATHS = (
					"$(inherited)",
					"@executable_path/Frameworks",
					"@loader_path/Frameworks",
				);
				PRODUCT_BUNDLE_IDENTIFIER = local.MacBookAir.my.translator.translateTests;
				PRODUCT_NAME = "$(TARGET_NAME)";
				SWIFT_VERSION = 5.0;
				TARGETED_DEVICE_FAMILY = "1,2";
				TEST_HOST = "$(BUILT_PRODUCTS_DIR)/translate.app/translate";
			};
			name = Release;
		};
		94EEA7F725226226000C69F6 /* Debug */ = {
			isa = XCBuildConfiguration;
			buildSettings = {
				ALWAYS_EMBED_SWIFT_STANDARD_LIBRARIES = YES;
				CODE_SIGN_STYLE = Automatic;
				DEVELOPMENT_TEAM = Y3T9BQ4QS9;
				INFOPLIST_FILE = translateUITests/Info.plist;
				LD_RUNPATH_SEARCH_PATHS = (
					"$(inherited)",
					"@executable_path/Frameworks",
					"@loader_path/Frameworks",
				);
				PRODUCT_BUNDLE_IDENTIFIER = local.MacBookAir.my.translator.translateUITests;
				PRODUCT_NAME = "$(TARGET_NAME)";
				SWIFT_VERSION = 5.0;
				TARGETED_DEVICE_FAMILY = "1,2";
				TEST_TARGET_NAME = translate;
			};
			name = Debug;
		};
		94EEA7F825226226000C69F6 /* Release */ = {
			isa = XCBuildConfiguration;
			buildSettings = {
				ALWAYS_EMBED_SWIFT_STANDARD_LIBRARIES = YES;
				CODE_SIGN_STYLE = Automatic;
				DEVELOPMENT_TEAM = Y3T9BQ4QS9;
				INFOPLIST_FILE = translateUITests/Info.plist;
				LD_RUNPATH_SEARCH_PATHS = (
					"$(inherited)",
					"@executable_path/Frameworks",
					"@loader_path/Frameworks",
				);
				PRODUCT_BUNDLE_IDENTIFIER = local.MacBookAir.my.translator.translateUITests;
				PRODUCT_NAME = "$(TARGET_NAME)";
				SWIFT_VERSION = 5.0;
				TARGETED_DEVICE_FAMILY = "1,2";
				TEST_TARGET_NAME = translate;
			};
			name = Release;
		};
/* End XCBuildConfiguration section */

/* Begin XCConfigurationList section */
		94EEA7C625226221000C69F6 /* Build configuration list for PBXProject "translate" */ = {
			isa = XCConfigurationList;
			buildConfigurations = (
				94EEA7EE25226226000C69F6 /* Debug */,
				94EEA7EF25226226000C69F6 /* Release */,
			);
			defaultConfigurationIsVisible = 0;
			defaultConfigurationName = Release;
		};
		94EEA7F025226226000C69F6 /* Build configuration list for PBXNativeTarget "translate" */ = {
			isa = XCConfigurationList;
			buildConfigurations = (
				94EEA7F125226226000C69F6 /* Debug */,
				94EEA7F225226226000C69F6 /* Release */,
			);
			defaultConfigurationIsVisible = 0;
			defaultConfigurationName = Release;
		};
		94EEA7F325226226000C69F6 /* Build configuration list for PBXNativeTarget "translateTests" */ = {
			isa = XCConfigurationList;
			buildConfigurations = (
				94EEA7F425226226000C69F6 /* Debug */,
				94EEA7F525226226000C69F6 /* Release */,
			);
			defaultConfigurationIsVisible = 0;
			defaultConfigurationName = Release;
		};
		94EEA7F625226226000C69F6 /* Build configuration list for PBXNativeTarget "translateUITests" */ = {
			isa = XCConfigurationList;
			buildConfigurations = (
				94EEA7F725226226000C69F6 /* Debug */,
				94EEA7F825226226000C69F6 /* Release */,
			);
			defaultConfigurationIsVisible = 0;
			defaultConfigurationName = Release;
		};
/* End XCConfigurationList section */
	};
	rootObject = 94EEA7C325226221000C69F6 /* Project object */;
}
